// !$*UTF8*$!
{
	archiveVersion = 1;
	classes = {
	};
	objectVersion = 56;
	objects = {

/* Begin PBXBuildFile section */
		4D81A9FB295895E700784B7B /* RoundedImageView.swift in Sources */ = {isa = PBXBuildFile; fileRef = 4D81A9FA295895E700784B7B /* RoundedImageView.swift */; };
		4D81A9FC295895E700784B7B /* RoundedImageView.swift in Sources */ = {isa = PBXBuildFile; fileRef = 4D81A9FA295895E700784B7B /* RoundedImageView.swift */; };
		4D81A9FD295895E700784B7B /* RoundedImageView.swift in Sources */ = {isa = PBXBuildFile; fileRef = 4D81A9FA295895E700784B7B /* RoundedImageView.swift */; };
		4D81AA012958AC0600784B7B /* ActorCellCollectionViewCell.swift in Sources */ = {isa = PBXBuildFile; fileRef = 4D81A9FF2958AC0600784B7B /* ActorCellCollectionViewCell.swift */; };
		4D81AA022958AC0600784B7B /* ActorCellCollectionViewCell.swift in Sources */ = {isa = PBXBuildFile; fileRef = 4D81A9FF2958AC0600784B7B /* ActorCellCollectionViewCell.swift */; };
		4D81AA032958AC0600784B7B /* ActorCellCollectionViewCell.swift in Sources */ = {isa = PBXBuildFile; fileRef = 4D81A9FF2958AC0600784B7B /* ActorCellCollectionViewCell.swift */; };
		4D81AA042958AC0600784B7B /* ActorCellCollectionViewCell.xib in Resources */ = {isa = PBXBuildFile; fileRef = 4D81AA002958AC0600784B7B /* ActorCellCollectionViewCell.xib */; };
		4D81AA052958AC0600784B7B /* ActorCellCollectionViewCell.xib in Resources */ = {isa = PBXBuildFile; fileRef = 4D81AA002958AC0600784B7B /* ActorCellCollectionViewCell.xib */; };
		4D81AA062958AC0600784B7B /* ActorCellCollectionViewCell.xib in Resources */ = {isa = PBXBuildFile; fileRef = 4D81AA002958AC0600784B7B /* ActorCellCollectionViewCell.xib */; };
		4D81AA082958F01E00784B7B /* StringFormatHelper.swift in Sources */ = {isa = PBXBuildFile; fileRef = 4D81AA072958F01E00784B7B /* StringFormatHelper.swift */; };
		4D81AA092958F01E00784B7B /* StringFormatHelper.swift in Sources */ = {isa = PBXBuildFile; fileRef = 4D81AA072958F01E00784B7B /* StringFormatHelper.swift */; };
		4D81AA0A2958F01E00784B7B /* StringFormatHelper.swift in Sources */ = {isa = PBXBuildFile; fileRef = 4D81AA072958F01E00784B7B /* StringFormatHelper.swift */; };
		4D81AA102958FCEF00784B7B /* MovieInfo.swift in Sources */ = {isa = PBXBuildFile; fileRef = 4D81AA0F2958FCEF00784B7B /* MovieInfo.swift */; };
		4D81AA112958FCEF00784B7B /* MovieInfo.swift in Sources */ = {isa = PBXBuildFile; fileRef = 4D81AA0F2958FCEF00784B7B /* MovieInfo.swift */; };
		4D81AA122958FCEF00784B7B /* MovieInfo.swift in Sources */ = {isa = PBXBuildFile; fileRef = 4D81AA0F2958FCEF00784B7B /* MovieInfo.swift */; };
		4D81AA142959006E00784B7B /* Constants+Rating.swift in Sources */ = {isa = PBXBuildFile; fileRef = 4D81AA132959006E00784B7B /* Constants+Rating.swift */; };
		4D81AA152959006E00784B7B /* Constants+Rating.swift in Sources */ = {isa = PBXBuildFile; fileRef = 4D81AA132959006E00784B7B /* Constants+Rating.swift */; };
		4D81AA162959006E00784B7B /* Constants+Rating.swift in Sources */ = {isa = PBXBuildFile; fileRef = 4D81AA132959006E00784B7B /* Constants+Rating.swift */; };
		4D81AA7A2959352400784B7B /* RxCocoa in Frameworks */ = {isa = PBXBuildFile; productRef = 4D81AA792959352400784B7B /* RxCocoa */; };
		4D81AA7C2959352400784B7B /* RxSwift in Frameworks */ = {isa = PBXBuildFile; productRef = 4D81AA7B2959352400784B7B /* RxSwift */; };
		4D81AA7E2959353900784B7B /* RxCocoa in Frameworks */ = {isa = PBXBuildFile; productRef = 4D81AA7D2959353900784B7B /* RxCocoa */; };
		4D81AA802959353900784B7B /* RxSwift in Frameworks */ = {isa = PBXBuildFile; productRef = 4D81AA7F2959353900784B7B /* RxSwift */; };
		4D81AA822959367000784B7B /* RxCocoa in Frameworks */ = {isa = PBXBuildFile; productRef = 4D81AA812959367000784B7B /* RxCocoa */; };
		4D81AA842959367000784B7B /* RxSwift in Frameworks */ = {isa = PBXBuildFile; productRef = 4D81AA832959367000784B7B /* RxSwift */; };
		4D81AA852959368C00784B7B /* AppStep.swift in Sources */ = {isa = PBXBuildFile; fileRef = 4DA4FBE82955FE490018523C /* AppStep.swift */; };
		4D81AA86295936A600784B7B /* MovieListViewController.swift in Sources */ = {isa = PBXBuildFile; fileRef = 4DA4FC1029562BF80018523C /* MovieListViewController.swift */; };
		4D81AA87295936C200784B7B /* MovieListViewModel.swift in Sources */ = {isa = PBXBuildFile; fileRef = 4DA4FC1329562C080018523C /* MovieListViewModel.swift */; };
		4D81AA88295936CF00784B7B /* Constants+StoryboardName.swift in Sources */ = {isa = PBXBuildFile; fileRef = 4DA4FC08295628670018523C /* Constants+StoryboardName.swift */; };
		4D81AA8A2959376100784B7B /* Moya in Frameworks */ = {isa = PBXBuildFile; productRef = 4D81AA892959376100784B7B /* Moya */; };
		4D81AA8C2959376100784B7B /* RxMoya in Frameworks */ = {isa = PBXBuildFile; productRef = 4D81AA8B2959376100784B7B /* RxMoya */; };
		4D81AA8E2959376100784B7B /* RxFlow in Frameworks */ = {isa = PBXBuildFile; productRef = 4D81AA8D2959376100784B7B /* RxFlow */; };
		4D81AA902959376100784B7B /* Reusable in Frameworks */ = {isa = PBXBuildFile; productRef = 4D81AA8F2959376100784B7B /* Reusable */; };
		4D81AA922959376100784B7B /* Kingfisher in Frameworks */ = {isa = PBXBuildFile; productRef = 4D81AA912959376100784B7B /* Kingfisher */; };
		4D81AA942959376A00784B7B /* Moya in Frameworks */ = {isa = PBXBuildFile; productRef = 4D81AA932959376A00784B7B /* Moya */; };
		4D81AA962959376A00784B7B /* RxMoya in Frameworks */ = {isa = PBXBuildFile; productRef = 4D81AA952959376A00784B7B /* RxMoya */; };
		4D81AA982959376A00784B7B /* RxFlow in Frameworks */ = {isa = PBXBuildFile; productRef = 4D81AA972959376A00784B7B /* RxFlow */; };
		4D81AA9A2959376A00784B7B /* Reusable in Frameworks */ = {isa = PBXBuildFile; productRef = 4D81AA992959376A00784B7B /* Reusable */; };
		4D81AA9C2959376A00784B7B /* Kingfisher in Frameworks */ = {isa = PBXBuildFile; productRef = 4D81AA9B2959376A00784B7B /* Kingfisher */; };
		4D81AAB829593A8D00784B7B /* MovieTests.swift in Sources */ = {isa = PBXBuildFile; fileRef = 4D81AAB729593A8D00784B7B /* MovieTests.swift */; };
		4D81AABA29593D0800784B7B /* movie.json in Resources */ = {isa = PBXBuildFile; fileRef = 4D81AAB929593D0800784B7B /* movie.json */; };
		4D81AABC29593E6500784B7B /* MovieListTests.swift in Sources */ = {isa = PBXBuildFile; fileRef = 4D81AABB29593E6500784B7B /* MovieListTests.swift */; };
		4D81AABE2959407700784B7B /* movie_list.json in Resources */ = {isa = PBXBuildFile; fileRef = 4D81AABD2959407700784B7B /* movie_list.json */; };
		4DA4FB932954A5420018523C /* AppDelegate.swift in Sources */ = {isa = PBXBuildFile; fileRef = 4DA4FB922954A5420018523C /* AppDelegate.swift */; };
		4DA4FB952954A5420018523C /* SceneDelegate.swift in Sources */ = {isa = PBXBuildFile; fileRef = 4DA4FB942954A5420018523C /* SceneDelegate.swift */; };
		4DA4FB9A2954A5420018523C /* Main.storyboard in Resources */ = {isa = PBXBuildFile; fileRef = 4DA4FB982954A5420018523C /* Main.storyboard */; };
		4DA4FB9D2954A5420018523C /* MovieApp.xcdatamodeld in Sources */ = {isa = PBXBuildFile; fileRef = 4DA4FB9B2954A5420018523C /* MovieApp.xcdatamodeld */; };
		4DA4FB9F2954A5430018523C /* Assets.xcassets in Resources */ = {isa = PBXBuildFile; fileRef = 4DA4FB9E2954A5430018523C /* Assets.xcassets */; };
		4DA4FBA22954A5430018523C /* LaunchScreen.storyboard in Resources */ = {isa = PBXBuildFile; fileRef = 4DA4FBA02954A5430018523C /* LaunchScreen.storyboard */; };
		4DA4FBAD2954A5440018523C /* MovieAppTests.swift in Sources */ = {isa = PBXBuildFile; fileRef = 4DA4FBAC2954A5440018523C /* MovieAppTests.swift */; };
		4DA4FBB72954A5440018523C /* MovieAppUITests.swift in Sources */ = {isa = PBXBuildFile; fileRef = 4DA4FBB62954A5440018523C /* MovieAppUITests.swift */; };
		4DA4FBB92954A5440018523C /* MovieAppUITestsLaunchTests.swift in Sources */ = {isa = PBXBuildFile; fileRef = 4DA4FBB82954A5440018523C /* MovieAppUITestsLaunchTests.swift */; };
		4DA4FBD12955FA7B0018523C /* Colors.xcassets in Resources */ = {isa = PBXBuildFile; fileRef = 4DA4FBD02955FA7B0018523C /* Colors.xcassets */; };
		4DA4FBD32955FA8C0018523C /* Images.xcassets in Resources */ = {isa = PBXBuildFile; fileRef = 4DA4FBD22955FA8C0018523C /* Images.xcassets */; };
		4DA4FBD62955FAB50018523C /* Assets.swift in Sources */ = {isa = PBXBuildFile; fileRef = 4DA4FBD52955FAB50018523C /* Assets.swift */; };
		4DA4FBD72955FAB50018523C /* Assets.swift in Sources */ = {isa = PBXBuildFile; fileRef = 4DA4FBD52955FAB50018523C /* Assets.swift */; };
		4DA4FBD82955FAB50018523C /* Assets.swift in Sources */ = {isa = PBXBuildFile; fileRef = 4DA4FBD52955FAB50018523C /* Assets.swift */; };
		4DA4FBDB2955FC660018523C /* Moya in Frameworks */ = {isa = PBXBuildFile; productRef = 4DA4FBDA2955FC660018523C /* Moya */; };
		4DA4FBDD2955FC660018523C /* RxMoya in Frameworks */ = {isa = PBXBuildFile; productRef = 4DA4FBDC2955FC660018523C /* RxMoya */; };
		4DA4FBE02955FCA60018523C /* RxFlow in Frameworks */ = {isa = PBXBuildFile; productRef = 4DA4FBDF2955FCA60018523C /* RxFlow */; };
		4DA4FBE32955FD350018523C /* Reusable in Frameworks */ = {isa = PBXBuildFile; productRef = 4DA4FBE22955FD350018523C /* Reusable */; };
		4DA4FBE62955FDF40018523C /* AppFlow.swift in Sources */ = {isa = PBXBuildFile; fileRef = 4DA4FBE52955FDF40018523C /* AppFlow.swift */; };
		4DA4FBE72955FDF40018523C /* AppFlow.swift in Sources */ = {isa = PBXBuildFile; fileRef = 4DA4FBE52955FDF40018523C /* AppFlow.swift */; };
		4DA4FBE92955FE490018523C /* AppStep.swift in Sources */ = {isa = PBXBuildFile; fileRef = 4DA4FBE82955FE490018523C /* AppStep.swift */; };
		4DA4FBEA2955FE490018523C /* AppStep.swift in Sources */ = {isa = PBXBuildFile; fileRef = 4DA4FBE82955FE490018523C /* AppStep.swift */; };
		4DA4FBEF2956057A0018523C /* SplashScreen.storyboard in Resources */ = {isa = PBXBuildFile; fileRef = 4DA4FBEE2956057A0018523C /* SplashScreen.storyboard */; };
		4DA4FBF02956057A0018523C /* SplashScreen.storyboard in Resources */ = {isa = PBXBuildFile; fileRef = 4DA4FBEE2956057A0018523C /* SplashScreen.storyboard */; };
		4DA4FBF229561D7F0018523C /* SplashViewController.swift in Sources */ = {isa = PBXBuildFile; fileRef = 4DA4FBF129561D7F0018523C /* SplashViewController.swift */; };
		4DA4FBF329561D7F0018523C /* SplashViewController.swift in Sources */ = {isa = PBXBuildFile; fileRef = 4DA4FBF129561D7F0018523C /* SplashViewController.swift */; };
		4DA4FBF429561D7F0018523C /* SplashViewController.swift in Sources */ = {isa = PBXBuildFile; fileRef = 4DA4FBF129561D7F0018523C /* SplashViewController.swift */; };
		4DA4FBF629561D8A0018523C /* SplashViewModel.swift in Sources */ = {isa = PBXBuildFile; fileRef = 4DA4FBF529561D8A0018523C /* SplashViewModel.swift */; };
		4DA4FBF729561D8A0018523C /* SplashViewModel.swift in Sources */ = {isa = PBXBuildFile; fileRef = 4DA4FBF529561D8A0018523C /* SplashViewModel.swift */; };
		4DA4FBF829561D8A0018523C /* SplashViewModel.swift in Sources */ = {isa = PBXBuildFile; fileRef = 4DA4FBF529561D8A0018523C /* SplashViewModel.swift */; };
		4DA4FBFC29561DFC0018523C /* ViewModel.swift in Sources */ = {isa = PBXBuildFile; fileRef = 4DA4FBFB29561DFC0018523C /* ViewModel.swift */; };
		4DA4FBFD29561DFC0018523C /* ViewModel.swift in Sources */ = {isa = PBXBuildFile; fileRef = 4DA4FBFB29561DFC0018523C /* ViewModel.swift */; };
		4DA4FBFE29561DFC0018523C /* ViewModel.swift in Sources */ = {isa = PBXBuildFile; fileRef = 4DA4FBFB29561DFC0018523C /* ViewModel.swift */; };
		4DA4FC0129561E390018523C /* ViewModelBased.swift in Sources */ = {isa = PBXBuildFile; fileRef = 4DA4FC0029561E390018523C /* ViewModelBased.swift */; };
		4DA4FC0229561E390018523C /* ViewModelBased.swift in Sources */ = {isa = PBXBuildFile; fileRef = 4DA4FC0029561E390018523C /* ViewModelBased.swift */; };
		4DA4FC0329561E390018523C /* ViewModelBased.swift in Sources */ = {isa = PBXBuildFile; fileRef = 4DA4FC0029561E390018523C /* ViewModelBased.swift */; };
		4DA4FC05295626300018523C /* SplashFlow.swift in Sources */ = {isa = PBXBuildFile; fileRef = 4DA4FC04295626300018523C /* SplashFlow.swift */; };
		4DA4FC06295626300018523C /* SplashFlow.swift in Sources */ = {isa = PBXBuildFile; fileRef = 4DA4FC04295626300018523C /* SplashFlow.swift */; };
		4DA4FC09295628670018523C /* Constants+StoryboardName.swift in Sources */ = {isa = PBXBuildFile; fileRef = 4DA4FC08295628670018523C /* Constants+StoryboardName.swift */; };
		4DA4FC0A295628670018523C /* Constants+StoryboardName.swift in Sources */ = {isa = PBXBuildFile; fileRef = 4DA4FC08295628670018523C /* Constants+StoryboardName.swift */; };
		4DA4FC0C295629670018523C /* HomeFlow.swift in Sources */ = {isa = PBXBuildFile; fileRef = 4DA4FC0B295629670018523C /* HomeFlow.swift */; };
		4DA4FC0D295629670018523C /* HomeFlow.swift in Sources */ = {isa = PBXBuildFile; fileRef = 4DA4FC0B295629670018523C /* HomeFlow.swift */; };
		4DA4FC1129562BF80018523C /* MovieListViewController.swift in Sources */ = {isa = PBXBuildFile; fileRef = 4DA4FC1029562BF80018523C /* MovieListViewController.swift */; };
		4DA4FC1229562BF80018523C /* MovieListViewController.swift in Sources */ = {isa = PBXBuildFile; fileRef = 4DA4FC1029562BF80018523C /* MovieListViewController.swift */; };
		4DA4FC1429562C080018523C /* MovieListViewModel.swift in Sources */ = {isa = PBXBuildFile; fileRef = 4DA4FC1329562C080018523C /* MovieListViewModel.swift */; };
		4DA4FC1529562C080018523C /* MovieListViewModel.swift in Sources */ = {isa = PBXBuildFile; fileRef = 4DA4FC1329562C080018523C /* MovieListViewModel.swift */; };
		4DA4FC1E295746030018523C /* MovieItemCell.xib in Resources */ = {isa = PBXBuildFile; fileRef = 4DA4FC1D295746030018523C /* MovieItemCell.xib */; };
		4DA4FC1F295746030018523C /* MovieItemCell.xib in Resources */ = {isa = PBXBuildFile; fileRef = 4DA4FC1D295746030018523C /* MovieItemCell.xib */; };
		4DA4FC20295746030018523C /* MovieItemCell.xib in Resources */ = {isa = PBXBuildFile; fileRef = 4DA4FC1D295746030018523C /* MovieItemCell.xib */; };
		4DA4FC222957463B0018523C /* MovieItemCell.swift in Sources */ = {isa = PBXBuildFile; fileRef = 4DA4FC212957463B0018523C /* MovieItemCell.swift */; };
		4DA4FC232957463B0018523C /* MovieItemCell.swift in Sources */ = {isa = PBXBuildFile; fileRef = 4DA4FC212957463B0018523C /* MovieItemCell.swift */; };
		4DA4FC242957463B0018523C /* MovieItemCell.swift in Sources */ = {isa = PBXBuildFile; fileRef = 4DA4FC212957463B0018523C /* MovieItemCell.swift */; };
		4DA4FC26295753C40018523C /* Movie.swift in Sources */ = {isa = PBXBuildFile; fileRef = 4DA4FC25295753C40018523C /* Movie.swift */; };
		4DA4FC27295753C40018523C /* Movie.swift in Sources */ = {isa = PBXBuildFile; fileRef = 4DA4FC25295753C40018523C /* Movie.swift */; };
		4DA4FC28295753C40018523C /* Movie.swift in Sources */ = {isa = PBXBuildFile; fileRef = 4DA4FC25295753C40018523C /* Movie.swift */; };
		4DA4FC2A295754960018523C /* MovieList.swift in Sources */ = {isa = PBXBuildFile; fileRef = 4DA4FC29295754960018523C /* MovieList.swift */; };
		4DA4FC2B295754960018523C /* MovieList.swift in Sources */ = {isa = PBXBuildFile; fileRef = 4DA4FC29295754960018523C /* MovieList.swift */; };
		4DA4FC2C295754960018523C /* MovieList.swift in Sources */ = {isa = PBXBuildFile; fileRef = 4DA4FC29295754960018523C /* MovieList.swift */; };
		4DA4FC2E295756130018523C /* UIView+Gradient.swift in Sources */ = {isa = PBXBuildFile; fileRef = 4DA4FC2D295756130018523C /* UIView+Gradient.swift */; };
		4DA4FC2F295756130018523C /* UIView+Gradient.swift in Sources */ = {isa = PBXBuildFile; fileRef = 4DA4FC2D295756130018523C /* UIView+Gradient.swift */; };
		4DA4FC30295756130018523C /* UIView+Gradient.swift in Sources */ = {isa = PBXBuildFile; fileRef = 4DA4FC2D295756130018523C /* UIView+Gradient.swift */; };
		4DA4FC3329575B500018523C /* GradientColorProvider.swift in Sources */ = {isa = PBXBuildFile; fileRef = 4DA4FC3229575B500018523C /* GradientColorProvider.swift */; };
		4DA4FC3429575B500018523C /* GradientColorProvider.swift in Sources */ = {isa = PBXBuildFile; fileRef = 4DA4FC3229575B500018523C /* GradientColorProvider.swift */; };
		4DA4FC3529575B500018523C /* GradientColorProvider.swift in Sources */ = {isa = PBXBuildFile; fileRef = 4DA4FC3229575B500018523C /* GradientColorProvider.swift */; };
		4DA4FC37295778360018523C /* MovieListViewController+UITableView.swift in Sources */ = {isa = PBXBuildFile; fileRef = 4DA4FC36295778360018523C /* MovieListViewController+UITableView.swift */; };
		4DA4FC38295778360018523C /* MovieListViewController+UITableView.swift in Sources */ = {isa = PBXBuildFile; fileRef = 4DA4FC36295778360018523C /* MovieListViewController+UITableView.swift */; };
		4DA4FC39295778360018523C /* MovieListViewController+UITableView.swift in Sources */ = {isa = PBXBuildFile; fileRef = 4DA4FC36295778360018523C /* MovieListViewController+UITableView.swift */; };
		4DA4FC4129577B1F0018523C /* MovieAPI.swift in Sources */ = {isa = PBXBuildFile; fileRef = 4DA4FC4029577B1F0018523C /* MovieAPI.swift */; };
		4DA4FC4229577B1F0018523C /* MovieAPI.swift in Sources */ = {isa = PBXBuildFile; fileRef = 4DA4FC4029577B1F0018523C /* MovieAPI.swift */; };
		4DA4FC4329577B1F0018523C /* MovieAPI.swift in Sources */ = {isa = PBXBuildFile; fileRef = 4DA4FC4029577B1F0018523C /* MovieAPI.swift */; };
		4DA4FC4529577B5A0018523C /* ApiPath.swift in Sources */ = {isa = PBXBuildFile; fileRef = 4DA4FC4429577B5A0018523C /* ApiPath.swift */; };
		4DA4FC4629577B5A0018523C /* ApiPath.swift in Sources */ = {isa = PBXBuildFile; fileRef = 4DA4FC4429577B5A0018523C /* ApiPath.swift */; };
		4DA4FC4729577B5A0018523C /* ApiPath.swift in Sources */ = {isa = PBXBuildFile; fileRef = 4DA4FC4429577B5A0018523C /* ApiPath.swift */; };
		4DA4FC4929577BA90018523C /* MovieAPI+TargetType.swift in Sources */ = {isa = PBXBuildFile; fileRef = 4DA4FC4829577BA90018523C /* MovieAPI+TargetType.swift */; };
		4DA4FC4A29577BA90018523C /* MovieAPI+TargetType.swift in Sources */ = {isa = PBXBuildFile; fileRef = 4DA4FC4829577BA90018523C /* MovieAPI+TargetType.swift */; };
		4DA4FC4B29577BA90018523C /* MovieAPI+TargetType.swift in Sources */ = {isa = PBXBuildFile; fileRef = 4DA4FC4829577BA90018523C /* MovieAPI+TargetType.swift */; };
		4DA4FC51295781760018523C /* AppConfigurationProvider.swift in Sources */ = {isa = PBXBuildFile; fileRef = 4DA4FC50295781760018523C /* AppConfigurationProvider.swift */; };
		4DA4FC52295781760018523C /* AppConfigurationProvider.swift in Sources */ = {isa = PBXBuildFile; fileRef = 4DA4FC50295781760018523C /* AppConfigurationProvider.swift */; };
		4DA4FC53295781760018523C /* AppConfigurationProvider.swift in Sources */ = {isa = PBXBuildFile; fileRef = 4DA4FC50295781760018523C /* AppConfigurationProvider.swift */; };
		4DA4FC562957835D0018523C /* Constants.swift in Sources */ = {isa = PBXBuildFile; fileRef = 4DA4FC552957835D0018523C /* Constants.swift */; };
		4DA4FC572957835D0018523C /* Constants.swift in Sources */ = {isa = PBXBuildFile; fileRef = 4DA4FC552957835D0018523C /* Constants.swift */; };
		4DA4FC582957835D0018523C /* Constants.swift in Sources */ = {isa = PBXBuildFile; fileRef = 4DA4FC552957835D0018523C /* Constants.swift */; };
		4DA4FC5A2957840B0018523C /* Constants+HTTPHeaderFields.swift in Sources */ = {isa = PBXBuildFile; fileRef = 4DA4FC592957840B0018523C /* Constants+HTTPHeaderFields.swift */; };
		4DA4FC5B2957840B0018523C /* Constants+HTTPHeaderFields.swift in Sources */ = {isa = PBXBuildFile; fileRef = 4DA4FC592957840B0018523C /* Constants+HTTPHeaderFields.swift */; };
		4DA4FC5C2957840B0018523C /* Constants+HTTPHeaderFields.swift in Sources */ = {isa = PBXBuildFile; fileRef = 4DA4FC592957840B0018523C /* Constants+HTTPHeaderFields.swift */; };
		4DA4FC5E295784500018523C /* Constants+ContentType.swift in Sources */ = {isa = PBXBuildFile; fileRef = 4DA4FC5D295784500018523C /* Constants+ContentType.swift */; };
		4DA4FC5F295784500018523C /* Constants+ContentType.swift in Sources */ = {isa = PBXBuildFile; fileRef = 4DA4FC5D295784500018523C /* Constants+ContentType.swift */; };
		4DA4FC60295784500018523C /* Constants+ContentType.swift in Sources */ = {isa = PBXBuildFile; fileRef = 4DA4FC5D295784500018523C /* Constants+ContentType.swift */; };
		4DA4FC6229579C220018523C /* Networking.swift in Sources */ = {isa = PBXBuildFile; fileRef = 4DA4FC6129579C220018523C /* Networking.swift */; };
		4DA4FC6329579C220018523C /* Networking.swift in Sources */ = {isa = PBXBuildFile; fileRef = 4DA4FC6129579C220018523C /* Networking.swift */; };
		4DA4FC6429579C220018523C /* Networking.swift in Sources */ = {isa = PBXBuildFile; fileRef = 4DA4FC6129579C220018523C /* Networking.swift */; };
		4DA4FC6629579D410018523C /* NetworkingManager.swift in Sources */ = {isa = PBXBuildFile; fileRef = 4DA4FC6529579D410018523C /* NetworkingManager.swift */; };
		4DA4FC6729579D410018523C /* NetworkingManager.swift in Sources */ = {isa = PBXBuildFile; fileRef = 4DA4FC6529579D410018523C /* NetworkingManager.swift */; };
		4DA4FC6829579D410018523C /* NetworkingManager.swift in Sources */ = {isa = PBXBuildFile; fileRef = 4DA4FC6529579D410018523C /* NetworkingManager.swift */; };
		4DA4FC6A2957A5650018523C /* NetworkError.swift in Sources */ = {isa = PBXBuildFile; fileRef = 4DA4FC692957A5650018523C /* NetworkError.swift */; };
		4DA4FC6B2957A5650018523C /* NetworkError.swift in Sources */ = {isa = PBXBuildFile; fileRef = 4DA4FC692957A5650018523C /* NetworkError.swift */; };
		4DA4FC6C2957A5650018523C /* NetworkError.swift in Sources */ = {isa = PBXBuildFile; fileRef = 4DA4FC692957A5650018523C /* NetworkError.swift */; };
		4DA4FC6E2957AA690018523C /* MovieAPI+Testing.swift in Sources */ = {isa = PBXBuildFile; fileRef = 4DA4FC6D2957AA690018523C /* MovieAPI+Testing.swift */; };
		4DA4FC6F2957AA690018523C /* MovieAPI+Testing.swift in Sources */ = {isa = PBXBuildFile; fileRef = 4DA4FC6D2957AA690018523C /* MovieAPI+Testing.swift */; };
		4DA4FC702957AA690018523C /* MovieAPI+Testing.swift in Sources */ = {isa = PBXBuildFile; fileRef = 4DA4FC6D2957AA690018523C /* MovieAPI+Testing.swift */; };
		4DA4FC722957AF510018523C /* MovieSearchable.swift in Sources */ = {isa = PBXBuildFile; fileRef = 4DA4FC712957AF510018523C /* MovieSearchable.swift */; };
		4DA4FC732957AF510018523C /* MovieSearchable.swift in Sources */ = {isa = PBXBuildFile; fileRef = 4DA4FC712957AF510018523C /* MovieSearchable.swift */; };
		4DA4FC742957AF510018523C /* MovieSearchable.swift in Sources */ = {isa = PBXBuildFile; fileRef = 4DA4FC712957AF510018523C /* MovieSearchable.swift */; };
		4DA4FC762957B0B10018523C /* HTTPMovieService.swift in Sources */ = {isa = PBXBuildFile; fileRef = 4DA4FC752957B0B10018523C /* HTTPMovieService.swift */; };
		4DA4FC772957B0B10018523C /* HTTPMovieService.swift in Sources */ = {isa = PBXBuildFile; fileRef = 4DA4FC752957B0B10018523C /* HTTPMovieService.swift */; };
		4DA4FC782957B0B10018523C /* HTTPMovieService.swift in Sources */ = {isa = PBXBuildFile; fileRef = 4DA4FC752957B0B10018523C /* HTTPMovieService.swift */; };
		4DA4FC7A2957D1580018523C /* CachedMovieService.swift in Sources */ = {isa = PBXBuildFile; fileRef = 4DA4FC792957D1580018523C /* CachedMovieService.swift */; };
		4DA4FC7B2957D1580018523C /* CachedMovieService.swift in Sources */ = {isa = PBXBuildFile; fileRef = 4DA4FC792957D1580018523C /* CachedMovieService.swift */; };
		4DA4FC7C2957D1580018523C /* CachedMovieService.swift in Sources */ = {isa = PBXBuildFile; fileRef = 4DA4FC792957D1580018523C /* CachedMovieService.swift */; };
		4DA4FC7E2957D95E0018523C /* MovieFetchable.swift in Sources */ = {isa = PBXBuildFile; fileRef = 4DA4FC7D2957D95E0018523C /* MovieFetchable.swift */; };
		4DA4FC7F2957D95E0018523C /* MovieFetchable.swift in Sources */ = {isa = PBXBuildFile; fileRef = 4DA4FC7D2957D95E0018523C /* MovieFetchable.swift */; };
		4DA4FC802957D95E0018523C /* MovieFetchable.swift in Sources */ = {isa = PBXBuildFile; fileRef = 4DA4FC7D2957D95E0018523C /* MovieFetchable.swift */; };
		4DA4FC832957DFAC0018523C /* Kingfisher in Frameworks */ = {isa = PBXBuildFile; productRef = 4DA4FC822957DFAC0018523C /* Kingfisher */; };
		4DA4FC852957E0D30018523C /* String+URL.swift in Sources */ = {isa = PBXBuildFile; fileRef = 4DA4FC842957E0D30018523C /* String+URL.swift */; };
		4DA4FC862957E0D30018523C /* String+URL.swift in Sources */ = {isa = PBXBuildFile; fileRef = 4DA4FC842957E0D30018523C /* String+URL.swift */; };
		4DA4FC872957E0D30018523C /* String+URL.swift in Sources */ = {isa = PBXBuildFile; fileRef = 4DA4FC842957E0D30018523C /* String+URL.swift */; };
		4DA4FC892957E3DB0018523C /* Double+Round.swift in Sources */ = {isa = PBXBuildFile; fileRef = 4DA4FC882957E3DB0018523C /* Double+Round.swift */; };
		4DA4FC8A2957E3DB0018523C /* Double+Round.swift in Sources */ = {isa = PBXBuildFile; fileRef = 4DA4FC882957E3DB0018523C /* Double+Round.swift */; };
		4DA4FC8B2957E3DB0018523C /* Double+Round.swift in Sources */ = {isa = PBXBuildFile; fileRef = 4DA4FC882957E3DB0018523C /* Double+Round.swift */; };
		4DA4FC8E2957E4AF0018523C /* MovieDetailsViewController.swift in Sources */ = {isa = PBXBuildFile; fileRef = 4DA4FC8D2957E4AF0018523C /* MovieDetailsViewController.swift */; };
		4DA4FC8F2957E4AF0018523C /* MovieDetailsViewController.swift in Sources */ = {isa = PBXBuildFile; fileRef = 4DA4FC8D2957E4AF0018523C /* MovieDetailsViewController.swift */; };
		4DA4FC902957E4AF0018523C /* MovieDetailsViewController.swift in Sources */ = {isa = PBXBuildFile; fileRef = 4DA4FC8D2957E4AF0018523C /* MovieDetailsViewController.swift */; };
		4DA4FC922957E4B80018523C /* MovieDetialsViewModel.swift in Sources */ = {isa = PBXBuildFile; fileRef = 4DA4FC912957E4B80018523C /* MovieDetialsViewModel.swift */; };
		4DA4FC932957E4B80018523C /* MovieDetialsViewModel.swift in Sources */ = {isa = PBXBuildFile; fileRef = 4DA4FC912957E4B80018523C /* MovieDetialsViewModel.swift */; };
		4DA4FC942957E4B80018523C /* MovieDetialsViewModel.swift in Sources */ = {isa = PBXBuildFile; fileRef = 4DA4FC912957E4B80018523C /* MovieDetialsViewModel.swift */; };
		4DA4FC962957E9B70018523C /* MovieDetails.swift in Sources */ = {isa = PBXBuildFile; fileRef = 4DA4FC952957E9B70018523C /* MovieDetails.swift */; };
		4DA4FC972957E9B70018523C /* MovieDetails.swift in Sources */ = {isa = PBXBuildFile; fileRef = 4DA4FC952957E9B70018523C /* MovieDetails.swift */; };
		4DA4FC982957E9B70018523C /* MovieDetails.swift in Sources */ = {isa = PBXBuildFile; fileRef = 4DA4FC952957E9B70018523C /* MovieDetails.swift */; };
/* End PBXBuildFile section */

/* Begin PBXContainerItemProxy section */
		4DA4FBA92954A5440018523C /* PBXContainerItemProxy */ = {
			isa = PBXContainerItemProxy;
			containerPortal = 4DA4FB872954A5420018523C /* Project object */;
			proxyType = 1;
			remoteGlobalIDString = 4DA4FB8E2954A5420018523C;
			remoteInfo = MovieApp;
		};
		4DA4FBB32954A5440018523C /* PBXContainerItemProxy */ = {
			isa = PBXContainerItemProxy;
			containerPortal = 4DA4FB872954A5420018523C /* Project object */;
			proxyType = 1;
			remoteGlobalIDString = 4DA4FB8E2954A5420018523C;
			remoteInfo = MovieApp;
		};
/* End PBXContainerItemProxy section */

/* Begin PBXFileReference section */
		4D81A9FA295895E700784B7B /* RoundedImageView.swift */ = {isa = PBXFileReference; lastKnownFileType = sourcecode.swift; path = RoundedImageView.swift; sourceTree = "<group>"; };
		4D81A9FF2958AC0600784B7B /* ActorCellCollectionViewCell.swift */ = {isa = PBXFileReference; lastKnownFileType = sourcecode.swift; path = ActorCellCollectionViewCell.swift; sourceTree = "<group>"; };
		4D81AA002958AC0600784B7B /* ActorCellCollectionViewCell.xib */ = {isa = PBXFileReference; lastKnownFileType = file.xib; path = ActorCellCollectionViewCell.xib; sourceTree = "<group>"; };
		4D81AA072958F01E00784B7B /* StringFormatHelper.swift */ = {isa = PBXFileReference; lastKnownFileType = sourcecode.swift; path = StringFormatHelper.swift; sourceTree = "<group>"; };
		4D81AA0F2958FCEF00784B7B /* MovieInfo.swift */ = {isa = PBXFileReference; lastKnownFileType = sourcecode.swift; path = MovieInfo.swift; sourceTree = "<group>"; };
		4D81AA132959006E00784B7B /* Constants+Rating.swift */ = {isa = PBXFileReference; lastKnownFileType = sourcecode.swift; path = "Constants+Rating.swift"; sourceTree = "<group>"; };
		4D81AAB729593A8D00784B7B /* MovieTests.swift */ = {isa = PBXFileReference; lastKnownFileType = sourcecode.swift; path = MovieTests.swift; sourceTree = "<group>"; };
		4D81AAB929593D0800784B7B /* movie.json */ = {isa = PBXFileReference; lastKnownFileType = text.json; path = movie.json; sourceTree = "<group>"; };
		4D81AABB29593E6500784B7B /* MovieListTests.swift */ = {isa = PBXFileReference; lastKnownFileType = sourcecode.swift; path = MovieListTests.swift; sourceTree = "<group>"; };
		4D81AABD2959407700784B7B /* movie_list.json */ = {isa = PBXFileReference; lastKnownFileType = text.json; path = movie_list.json; sourceTree = "<group>"; };
		4DA4FB8F2954A5420018523C /* MovieApp.app */ = {isa = PBXFileReference; explicitFileType = wrapper.application; includeInIndex = 0; path = MovieApp.app; sourceTree = BUILT_PRODUCTS_DIR; };
		4DA4FB922954A5420018523C /* AppDelegate.swift */ = {isa = PBXFileReference; lastKnownFileType = sourcecode.swift; path = AppDelegate.swift; sourceTree = "<group>"; };
		4DA4FB942954A5420018523C /* SceneDelegate.swift */ = {isa = PBXFileReference; lastKnownFileType = sourcecode.swift; path = SceneDelegate.swift; sourceTree = "<group>"; };
		4DA4FB992954A5420018523C /* Base */ = {isa = PBXFileReference; lastKnownFileType = file.storyboard; name = Base; path = Base.lproj/Main.storyboard; sourceTree = "<group>"; };
		4DA4FB9C2954A5420018523C /* MovieApp.xcdatamodel */ = {isa = PBXFileReference; lastKnownFileType = wrapper.xcdatamodel; path = MovieApp.xcdatamodel; sourceTree = "<group>"; };
		4DA4FB9E2954A5430018523C /* Assets.xcassets */ = {isa = PBXFileReference; lastKnownFileType = folder.assetcatalog; path = Assets.xcassets; sourceTree = "<group>"; };
		4DA4FBA12954A5430018523C /* Base */ = {isa = PBXFileReference; lastKnownFileType = file.storyboard; name = Base; path = Base.lproj/LaunchScreen.storyboard; sourceTree = "<group>"; };
		4DA4FBA32954A5430018523C /* Info.plist */ = {isa = PBXFileReference; lastKnownFileType = text.plist.xml; path = Info.plist; sourceTree = "<group>"; };
		4DA4FBA82954A5440018523C /* MovieAppTests.xctest */ = {isa = PBXFileReference; explicitFileType = wrapper.cfbundle; includeInIndex = 0; path = MovieAppTests.xctest; sourceTree = BUILT_PRODUCTS_DIR; };
		4DA4FBAC2954A5440018523C /* MovieAppTests.swift */ = {isa = PBXFileReference; lastKnownFileType = sourcecode.swift; path = MovieAppTests.swift; sourceTree = "<group>"; };
		4DA4FBB22954A5440018523C /* MovieAppUITests.xctest */ = {isa = PBXFileReference; explicitFileType = wrapper.cfbundle; includeInIndex = 0; path = MovieAppUITests.xctest; sourceTree = BUILT_PRODUCTS_DIR; };
		4DA4FBB62954A5440018523C /* MovieAppUITests.swift */ = {isa = PBXFileReference; lastKnownFileType = sourcecode.swift; path = MovieAppUITests.swift; sourceTree = "<group>"; };
		4DA4FBB82954A5440018523C /* MovieAppUITestsLaunchTests.swift */ = {isa = PBXFileReference; lastKnownFileType = sourcecode.swift; path = MovieAppUITestsLaunchTests.swift; sourceTree = "<group>"; };
		4DA4FBD02955FA7B0018523C /* Colors.xcassets */ = {isa = PBXFileReference; lastKnownFileType = folder.assetcatalog; path = Colors.xcassets; sourceTree = "<group>"; };
		4DA4FBD22955FA8C0018523C /* Images.xcassets */ = {isa = PBXFileReference; lastKnownFileType = folder.assetcatalog; path = Images.xcassets; sourceTree = "<group>"; };
		4DA4FBD52955FAB50018523C /* Assets.swift */ = {isa = PBXFileReference; fileEncoding = 4; lastKnownFileType = sourcecode.swift; path = Assets.swift; sourceTree = "<group>"; };
		4DA4FBE52955FDF40018523C /* AppFlow.swift */ = {isa = PBXFileReference; lastKnownFileType = sourcecode.swift; path = AppFlow.swift; sourceTree = "<group>"; };
		4DA4FBE82955FE490018523C /* AppStep.swift */ = {isa = PBXFileReference; lastKnownFileType = sourcecode.swift; path = AppStep.swift; sourceTree = "<group>"; };
		4DA4FBEE2956057A0018523C /* SplashScreen.storyboard */ = {isa = PBXFileReference; lastKnownFileType = file.storyboard; path = SplashScreen.storyboard; sourceTree = "<group>"; };
		4DA4FBF129561D7F0018523C /* SplashViewController.swift */ = {isa = PBXFileReference; lastKnownFileType = sourcecode.swift; path = SplashViewController.swift; sourceTree = "<group>"; };
		4DA4FBF529561D8A0018523C /* SplashViewModel.swift */ = {isa = PBXFileReference; lastKnownFileType = sourcecode.swift; path = SplashViewModel.swift; sourceTree = "<group>"; };
		4DA4FBFB29561DFC0018523C /* ViewModel.swift */ = {isa = PBXFileReference; lastKnownFileType = sourcecode.swift; path = ViewModel.swift; sourceTree = "<group>"; };
		4DA4FC0029561E390018523C /* ViewModelBased.swift */ = {isa = PBXFileReference; lastKnownFileType = sourcecode.swift; path = ViewModelBased.swift; sourceTree = "<group>"; };
		4DA4FC04295626300018523C /* SplashFlow.swift */ = {isa = PBXFileReference; lastKnownFileType = sourcecode.swift; path = SplashFlow.swift; sourceTree = "<group>"; };
		4DA4FC08295628670018523C /* Constants+StoryboardName.swift */ = {isa = PBXFileReference; lastKnownFileType = sourcecode.swift; path = "Constants+StoryboardName.swift"; sourceTree = "<group>"; };
		4DA4FC0B295629670018523C /* HomeFlow.swift */ = {isa = PBXFileReference; lastKnownFileType = sourcecode.swift; path = HomeFlow.swift; sourceTree = "<group>"; };
		4DA4FC1029562BF80018523C /* MovieListViewController.swift */ = {isa = PBXFileReference; lastKnownFileType = sourcecode.swift; path = MovieListViewController.swift; sourceTree = "<group>"; };
		4DA4FC1329562C080018523C /* MovieListViewModel.swift */ = {isa = PBXFileReference; lastKnownFileType = sourcecode.swift; path = MovieListViewModel.swift; sourceTree = "<group>"; };
		4DA4FC1D295746030018523C /* MovieItemCell.xib */ = {isa = PBXFileReference; lastKnownFileType = file.xib; path = MovieItemCell.xib; sourceTree = "<group>"; };
		4DA4FC212957463B0018523C /* MovieItemCell.swift */ = {isa = PBXFileReference; lastKnownFileType = sourcecode.swift; path = MovieItemCell.swift; sourceTree = "<group>"; };
		4DA4FC25295753C40018523C /* Movie.swift */ = {isa = PBXFileReference; lastKnownFileType = sourcecode.swift; path = Movie.swift; sourceTree = "<group>"; };
		4DA4FC29295754960018523C /* MovieList.swift */ = {isa = PBXFileReference; lastKnownFileType = sourcecode.swift; path = MovieList.swift; sourceTree = "<group>"; };
		4DA4FC2D295756130018523C /* UIView+Gradient.swift */ = {isa = PBXFileReference; lastKnownFileType = sourcecode.swift; path = "UIView+Gradient.swift"; sourceTree = "<group>"; };
		4DA4FC3229575B500018523C /* GradientColorProvider.swift */ = {isa = PBXFileReference; lastKnownFileType = sourcecode.swift; path = GradientColorProvider.swift; sourceTree = "<group>"; };
		4DA4FC36295778360018523C /* MovieListViewController+UITableView.swift */ = {isa = PBXFileReference; lastKnownFileType = sourcecode.swift; path = "MovieListViewController+UITableView.swift"; sourceTree = "<group>"; };
		4DA4FC4029577B1F0018523C /* MovieAPI.swift */ = {isa = PBXFileReference; lastKnownFileType = sourcecode.swift; path = MovieAPI.swift; sourceTree = "<group>"; };
		4DA4FC4429577B5A0018523C /* ApiPath.swift */ = {isa = PBXFileReference; lastKnownFileType = sourcecode.swift; path = ApiPath.swift; sourceTree = "<group>"; };
		4DA4FC4829577BA90018523C /* MovieAPI+TargetType.swift */ = {isa = PBXFileReference; lastKnownFileType = sourcecode.swift; path = "MovieAPI+TargetType.swift"; sourceTree = "<group>"; };
		4DA4FC50295781760018523C /* AppConfigurationProvider.swift */ = {isa = PBXFileReference; lastKnownFileType = sourcecode.swift; path = AppConfigurationProvider.swift; sourceTree = "<group>"; };
		4DA4FC552957835D0018523C /* Constants.swift */ = {isa = PBXFileReference; lastKnownFileType = sourcecode.swift; path = Constants.swift; sourceTree = "<group>"; };
		4DA4FC592957840B0018523C /* Constants+HTTPHeaderFields.swift */ = {isa = PBXFileReference; lastKnownFileType = sourcecode.swift; path = "Constants+HTTPHeaderFields.swift"; sourceTree = "<group>"; };
		4DA4FC5D295784500018523C /* Constants+ContentType.swift */ = {isa = PBXFileReference; lastKnownFileType = sourcecode.swift; path = "Constants+ContentType.swift"; sourceTree = "<group>"; };
		4DA4FC6129579C220018523C /* Networking.swift */ = {isa = PBXFileReference; lastKnownFileType = sourcecode.swift; path = Networking.swift; sourceTree = "<group>"; };
		4DA4FC6529579D410018523C /* NetworkingManager.swift */ = {isa = PBXFileReference; lastKnownFileType = sourcecode.swift; path = NetworkingManager.swift; sourceTree = "<group>"; };
		4DA4FC692957A5650018523C /* NetworkError.swift */ = {isa = PBXFileReference; lastKnownFileType = sourcecode.swift; path = NetworkError.swift; sourceTree = "<group>"; };
		4DA4FC6D2957AA690018523C /* MovieAPI+Testing.swift */ = {isa = PBXFileReference; lastKnownFileType = sourcecode.swift; path = "MovieAPI+Testing.swift"; sourceTree = "<group>"; };
		4DA4FC712957AF510018523C /* MovieSearchable.swift */ = {isa = PBXFileReference; lastKnownFileType = sourcecode.swift; path = MovieSearchable.swift; sourceTree = "<group>"; };
		4DA4FC752957B0B10018523C /* HTTPMovieService.swift */ = {isa = PBXFileReference; lastKnownFileType = sourcecode.swift; path = HTTPMovieService.swift; sourceTree = "<group>"; };
		4DA4FC792957D1580018523C /* CachedMovieService.swift */ = {isa = PBXFileReference; lastKnownFileType = sourcecode.swift; path = CachedMovieService.swift; sourceTree = "<group>"; };
		4DA4FC7D2957D95E0018523C /* MovieFetchable.swift */ = {isa = PBXFileReference; lastKnownFileType = sourcecode.swift; path = MovieFetchable.swift; sourceTree = "<group>"; };
		4DA4FC842957E0D30018523C /* String+URL.swift */ = {isa = PBXFileReference; lastKnownFileType = sourcecode.swift; path = "String+URL.swift"; sourceTree = "<group>"; };
		4DA4FC882957E3DB0018523C /* Double+Round.swift */ = {isa = PBXFileReference; lastKnownFileType = sourcecode.swift; path = "Double+Round.swift"; sourceTree = "<group>"; };
		4DA4FC8D2957E4AF0018523C /* MovieDetailsViewController.swift */ = {isa = PBXFileReference; lastKnownFileType = sourcecode.swift; path = MovieDetailsViewController.swift; sourceTree = "<group>"; };
		4DA4FC912957E4B80018523C /* MovieDetialsViewModel.swift */ = {isa = PBXFileReference; lastKnownFileType = sourcecode.swift; path = MovieDetialsViewModel.swift; sourceTree = "<group>"; };
		4DA4FC952957E9B70018523C /* MovieDetails.swift */ = {isa = PBXFileReference; lastKnownFileType = sourcecode.swift; path = MovieDetails.swift; sourceTree = "<group>"; };
/* End PBXFileReference section */

/* Begin PBXFrameworksBuildPhase section */
		4DA4FB8C2954A5420018523C /* Frameworks */ = {
			isa = PBXFrameworksBuildPhase;
			buildActionMask = 2147483647;
			files = (
				4D81AA7A2959352400784B7B /* RxCocoa in Frameworks */,
				4DA4FC832957DFAC0018523C /* Kingfisher in Frameworks */,
				4DA4FBE02955FCA60018523C /* RxFlow in Frameworks */,
				4DA4FBDD2955FC660018523C /* RxMoya in Frameworks */,
				4DA4FBDB2955FC660018523C /* Moya in Frameworks */,
				4DA4FBE32955FD350018523C /* Reusable in Frameworks */,
				4D81AA7C2959352400784B7B /* RxSwift in Frameworks */,
			);
			runOnlyForDeploymentPostprocessing = 0;
		};
		4DA4FBA52954A5440018523C /* Frameworks */ = {
			isa = PBXFrameworksBuildPhase;
			buildActionMask = 2147483647;
			files = (
				4D81AA982959376A00784B7B /* RxFlow in Frameworks */,
				4D81AA802959353900784B7B /* RxSwift in Frameworks */,
				4D81AA9C2959376A00784B7B /* Kingfisher in Frameworks */,
				4D81AA7E2959353900784B7B /* RxCocoa in Frameworks */,
				4D81AA962959376A00784B7B /* RxMoya in Frameworks */,
				4D81AA942959376A00784B7B /* Moya in Frameworks */,
				4D81AA9A2959376A00784B7B /* Reusable in Frameworks */,
			);
			runOnlyForDeploymentPostprocessing = 0;
		};
		4DA4FBAF2954A5440018523C /* Frameworks */ = {
			isa = PBXFrameworksBuildPhase;
			buildActionMask = 2147483647;
			files = (
				4D81AA8E2959376100784B7B /* RxFlow in Frameworks */,
				4D81AA842959367000784B7B /* RxSwift in Frameworks */,
				4D81AA922959376100784B7B /* Kingfisher in Frameworks */,
				4D81AA822959367000784B7B /* RxCocoa in Frameworks */,
				4D81AA8C2959376100784B7B /* RxMoya in Frameworks */,
				4D81AA8A2959376100784B7B /* Moya in Frameworks */,
				4D81AA902959376100784B7B /* Reusable in Frameworks */,
			);
			runOnlyForDeploymentPostprocessing = 0;
		};
/* End PBXFrameworksBuildPhase section */

/* Begin PBXGroup section */
		4D81A9F9295895D200784B7B /* View */ = {
			isa = PBXGroup;
			children = (
				4D81A9FA295895E700784B7B /* RoundedImageView.swift */,
			);
			path = View;
			sourceTree = "<group>";
		};
		4D81A9FE2958ABE800784B7B /* Cell */ = {
			isa = PBXGroup;
			children = (
				4D81A9FF2958AC0600784B7B /* ActorCellCollectionViewCell.swift */,
				4D81AA002958AC0600784B7B /* ActorCellCollectionViewCell.xib */,
			);
			path = Cell;
			sourceTree = "<group>";
		};
		4D81AA732959329000784B7B /* Frameworks */ = {
			isa = PBXGroup;
			children = (
			);
			name = Frameworks;
			sourceTree = "<group>";
		};
		4D81AABF2959412C00784B7B /* jsons */ = {
			isa = PBXGroup;
			children = (
				4D81AAB929593D0800784B7B /* movie.json */,
				4D81AABD2959407700784B7B /* movie_list.json */,
			);
			path = jsons;
			sourceTree = "<group>";
		};
		4DA4FB862954A5420018523C = {
			isa = PBXGroup;
			children = (
				4DA4FB912954A5420018523C /* MovieApp */,
				4DA4FBAB2954A5440018523C /* MovieAppTests */,
				4DA4FBB52954A5440018523C /* MovieAppUITests */,
				4DA4FB902954A5420018523C /* Products */,
				4D81AA732959329000784B7B /* Frameworks */,
			);
			sourceTree = "<group>";
		};
		4DA4FB902954A5420018523C /* Products */ = {
			isa = PBXGroup;
			children = (
				4DA4FB8F2954A5420018523C /* MovieApp.app */,
				4DA4FBA82954A5440018523C /* MovieAppTests.xctest */,
				4DA4FBB22954A5440018523C /* MovieAppUITests.xctest */,
			);
			name = Products;
			sourceTree = "<group>";
		};
		4DA4FB912954A5420018523C /* MovieApp */ = {
			isa = PBXGroup;
			children = (
				4DA4FC1629573DEB0018523C /* Application */,
				4DA4FBF929561DDE0018523C /* Common */,
				4DA4FC3A29577ABA0018523C /* Data */,
				4DA4FC1829573E600018523C /* Model */,
				4DA4FBCF2955FA230018523C /* Resources */,
				4DA4FBE42955FD8C0018523C /* Routing */,
				4DA4FBEC295605310018523C /* Scenes */,
				4DA4FC1929573E7E0018523C /* Services */,
				4DA4FBEB295605280018523C /* Storyboards */,
				4DA4FC1729573E040018523C /* SupportingFiles */,
			);
			path = MovieApp;
			sourceTree = "<group>";
		};
		4DA4FBAB2954A5440018523C /* MovieAppTests */ = {
			isa = PBXGroup;
			children = (
				4D81AABF2959412C00784B7B /* jsons */,
				4D81AABB29593E6500784B7B /* MovieListTests.swift */,
				4D81AAB729593A8D00784B7B /* MovieTests.swift */,
				4DA4FBAC2954A5440018523C /* MovieAppTests.swift */,
			);
			path = MovieAppTests;
			sourceTree = "<group>";
		};
		4DA4FBB52954A5440018523C /* MovieAppUITests */ = {
			isa = PBXGroup;
			children = (
				4DA4FBB62954A5440018523C /* MovieAppUITests.swift */,
				4DA4FBB82954A5440018523C /* MovieAppUITestsLaunchTests.swift */,
			);
			path = MovieAppUITests;
			sourceTree = "<group>";
		};
		4DA4FBCF2955FA230018523C /* Resources */ = {
			isa = PBXGroup;
			children = (
				4DA4FC1B29573F0E0018523C /* Images */,
				4DA4FC1A29573EFB0018523C /* LocalStorage */,
				4DA4FBD42955FA960018523C /* Generated */,
				4DA4FBD02955FA7B0018523C /* Colors.xcassets */,
			);
			path = Resources;
			sourceTree = "<group>";
		};
		4DA4FBD42955FA960018523C /* Generated */ = {
			isa = PBXGroup;
			children = (
				4DA4FBD52955FAB50018523C /* Assets.swift */,
			);
			path = Generated;
			sourceTree = "<group>";
		};
		4DA4FBE42955FD8C0018523C /* Routing */ = {
			isa = PBXGroup;
			children = (
				4DA4FBE52955FDF40018523C /* AppFlow.swift */,
				4DA4FBE82955FE490018523C /* AppStep.swift */,
				4DA4FC04295626300018523C /* SplashFlow.swift */,
				4DA4FC0B295629670018523C /* HomeFlow.swift */,
			);
			path = Routing;
			sourceTree = "<group>";
		};
		4DA4FBEB295605280018523C /* Storyboards */ = {
			isa = PBXGroup;
			children = (
				4DA4FBA02954A5430018523C /* LaunchScreen.storyboard */,
				4DA4FB982954A5420018523C /* Main.storyboard */,
				4DA4FBEE2956057A0018523C /* SplashScreen.storyboard */,
			);
			path = Storyboards;
			sourceTree = "<group>";
		};
		4DA4FBEC295605310018523C /* Scenes */ = {
			isa = PBXGroup;
			children = (
				4DA4FC8C2957E4A60018523C /* MovieDetails */,
				4DA4FC0F29562BC90018523C /* MovieList */,
				4DA4FBED295605490018523C /* Splash */,
			);
			path = Scenes;
			sourceTree = "<group>";
		};
		4DA4FBED295605490018523C /* Splash */ = {
			isa = PBXGroup;
			children = (
				4DA4FBF129561D7F0018523C /* SplashViewController.swift */,
				4DA4FBF529561D8A0018523C /* SplashViewModel.swift */,
			);
			path = Splash;
			sourceTree = "<group>";
		};
		4DA4FBF929561DDE0018523C /* Common */ = {
			isa = PBXGroup;
			children = (
				4D81A9F9295895D200784B7B /* View */,
				4DA4FC3129575B410018523C /* Helper */,
				4DA4FC072956284F0018523C /* Constants */,
				4DA4FBFF29561E0D0018523C /* Extensions */,
				4DA4FBFA29561DEA0018523C /* Protocols */,
			);
			path = Common;
			sourceTree = "<group>";
		};
		4DA4FBFA29561DEA0018523C /* Protocols */ = {
			isa = PBXGroup;
			children = (
				4DA4FBFB29561DFC0018523C /* ViewModel.swift */,
			);
			path = Protocols;
			sourceTree = "<group>";
		};
		4DA4FBFF29561E0D0018523C /* Extensions */ = {
			isa = PBXGroup;
			children = (
				4DA4FC0029561E390018523C /* ViewModelBased.swift */,
				4DA4FC2D295756130018523C /* UIView+Gradient.swift */,
				4DA4FC842957E0D30018523C /* String+URL.swift */,
				4DA4FC882957E3DB0018523C /* Double+Round.swift */,
			);
			path = Extensions;
			sourceTree = "<group>";
		};
		4DA4FC072956284F0018523C /* Constants */ = {
			isa = PBXGroup;
			children = (
				4DA4FC552957835D0018523C /* Constants.swift */,
				4DA4FC08295628670018523C /* Constants+StoryboardName.swift */,
				4DA4FC592957840B0018523C /* Constants+HTTPHeaderFields.swift */,
				4DA4FC5D295784500018523C /* Constants+ContentType.swift */,
				4D81AA132959006E00784B7B /* Constants+Rating.swift */,
			);
			path = Constants;
			sourceTree = "<group>";
		};
		4DA4FC0F29562BC90018523C /* MovieList */ = {
			isa = PBXGroup;
			children = (
				4DA4FC1C295745E10018523C /* Cell */,
				4DA4FC1029562BF80018523C /* MovieListViewController.swift */,
				4DA4FC36295778360018523C /* MovieListViewController+UITableView.swift */,
				4DA4FC1329562C080018523C /* MovieListViewModel.swift */,
			);
			path = MovieList;
			sourceTree = "<group>";
		};
		4DA4FC1629573DEB0018523C /* Application */ = {
			isa = PBXGroup;
			children = (
				4DA4FB922954A5420018523C /* AppDelegate.swift */,
				4DA4FB942954A5420018523C /* SceneDelegate.swift */,
			);
			path = Application;
			sourceTree = "<group>";
		};
		4DA4FC1729573E040018523C /* SupportingFiles */ = {
			isa = PBXGroup;
			children = (
				4DA4FBA32954A5430018523C /* Info.plist */,
			);
			path = SupportingFiles;
			sourceTree = "<group>";
		};
		4DA4FC1829573E600018523C /* Model */ = {
			isa = PBXGroup;
			children = (
				4DA4FC25295753C40018523C /* Movie.swift */,
				4DA4FC29295754960018523C /* MovieList.swift */,
				4DA4FC952957E9B70018523C /* MovieDetails.swift */,
				4D81AA0F2958FCEF00784B7B /* MovieInfo.swift */,
			);
			path = Model;
			sourceTree = "<group>";
		};
		4DA4FC1929573E7E0018523C /* Services */ = {
			isa = PBXGroup;
			children = (
				4DA4FC712957AF510018523C /* MovieSearchable.swift */,
				4DA4FC752957B0B10018523C /* HTTPMovieService.swift */,
				4DA4FC792957D1580018523C /* CachedMovieService.swift */,
				4DA4FC7D2957D95E0018523C /* MovieFetchable.swift */,
			);
			path = Services;
			sourceTree = "<group>";
		};
		4DA4FC1A29573EFB0018523C /* LocalStorage */ = {
			isa = PBXGroup;
			children = (
				4DA4FB9B2954A5420018523C /* MovieApp.xcdatamodeld */,
			);
			path = LocalStorage;
			sourceTree = "<group>";
		};
		4DA4FC1B29573F0E0018523C /* Images */ = {
			isa = PBXGroup;
			children = (
				4DA4FBD22955FA8C0018523C /* Images.xcassets */,
				4DA4FB9E2954A5430018523C /* Assets.xcassets */,
			);
			path = Images;
			sourceTree = "<group>";
		};
		4DA4FC1C295745E10018523C /* Cell */ = {
			isa = PBXGroup;
			children = (
				4DA4FC1D295746030018523C /* MovieItemCell.xib */,
				4DA4FC212957463B0018523C /* MovieItemCell.swift */,
			);
			path = Cell;
			sourceTree = "<group>";
		};
		4DA4FC3129575B410018523C /* Helper */ = {
			isa = PBXGroup;
			children = (
				4DA4FC3229575B500018523C /* GradientColorProvider.swift */,
				4DA4FC50295781760018523C /* AppConfigurationProvider.swift */,
				4D81AA072958F01E00784B7B /* StringFormatHelper.swift */,
			);
			path = Helper;
			sourceTree = "<group>";
		};
		4DA4FC3A29577ABA0018523C /* Data */ = {
			isa = PBXGroup;
			children = (
				4DA4FC3B29577AC60018523C /* Network */,
			);
			path = Data;
			sourceTree = "<group>";
		};
		4DA4FC3B29577AC60018523C /* Network */ = {
			isa = PBXGroup;
			children = (
				4DA4FC4429577B5A0018523C /* ApiPath.swift */,
				4DA4FC4029577B1F0018523C /* MovieAPI.swift */,
				4DA4FC4829577BA90018523C /* MovieAPI+TargetType.swift */,
				4DA4FC6129579C220018523C /* Networking.swift */,
				4DA4FC6529579D410018523C /* NetworkingManager.swift */,
				4DA4FC692957A5650018523C /* NetworkError.swift */,
				4DA4FC6D2957AA690018523C /* MovieAPI+Testing.swift */,
			);
			path = Network;
			sourceTree = "<group>";
		};
		4DA4FC8C2957E4A60018523C /* MovieDetails */ = {
			isa = PBXGroup;
			children = (
				4D81A9FE2958ABE800784B7B /* Cell */,
				4DA4FC8D2957E4AF0018523C /* MovieDetailsViewController.swift */,
				4DA4FC912957E4B80018523C /* MovieDetialsViewModel.swift */,
			);
			path = MovieDetails;
			sourceTree = "<group>";
		};
/* End PBXGroup section */

/* Begin PBXNativeTarget section */
		4DA4FB8E2954A5420018523C /* MovieApp */ = {
			isa = PBXNativeTarget;
			buildConfigurationList = 4DA4FBBC2954A5440018523C /* Build configuration list for PBXNativeTarget "MovieApp" */;
			buildPhases = (
				4DA4FB8B2954A5420018523C /* Sources */,
				4DA4FB8C2954A5420018523C /* Frameworks */,
				4DA4FB8D2954A5420018523C /* Resources */,
			);
			buildRules = (
			);
			dependencies = (
			);
			name = MovieApp;
			packageProductDependencies = (
				4DA4FBDA2955FC660018523C /* Moya */,
				4DA4FBDC2955FC660018523C /* RxMoya */,
				4DA4FBDF2955FCA60018523C /* RxFlow */,
				4DA4FBE22955FD350018523C /* Reusable */,
				4DA4FC822957DFAC0018523C /* Kingfisher */,
				4D81AA792959352400784B7B /* RxCocoa */,
				4D81AA7B2959352400784B7B /* RxSwift */,
			);
			productName = MovieApp;
			productReference = 4DA4FB8F2954A5420018523C /* MovieApp.app */;
			productType = "com.apple.product-type.application";
		};
		4DA4FBA72954A5440018523C /* MovieAppTests */ = {
			isa = PBXNativeTarget;
			buildConfigurationList = 4DA4FBBF2954A5440018523C /* Build configuration list for PBXNativeTarget "MovieAppTests" */;
			buildPhases = (
				4DA4FBA42954A5440018523C /* Sources */,
				4DA4FBA52954A5440018523C /* Frameworks */,
				4DA4FBA62954A5440018523C /* Resources */,
			);
			buildRules = (
			);
			dependencies = (
				4DA4FBAA2954A5440018523C /* PBXTargetDependency */,
			);
			name = MovieAppTests;
			packageProductDependencies = (
				4D81AA7D2959353900784B7B /* RxCocoa */,
				4D81AA7F2959353900784B7B /* RxSwift */,
				4D81AA932959376A00784B7B /* Moya */,
				4D81AA952959376A00784B7B /* RxMoya */,
				4D81AA972959376A00784B7B /* RxFlow */,
				4D81AA992959376A00784B7B /* Reusable */,
				4D81AA9B2959376A00784B7B /* Kingfisher */,
			);
			productName = MovieAppTests;
			productReference = 4DA4FBA82954A5440018523C /* MovieAppTests.xctest */;
			productType = "com.apple.product-type.bundle.unit-test";
		};
		4DA4FBB12954A5440018523C /* MovieAppUITests */ = {
			isa = PBXNativeTarget;
			buildConfigurationList = 4DA4FBC22954A5440018523C /* Build configuration list for PBXNativeTarget "MovieAppUITests" */;
			buildPhases = (
				4DA4FBAE2954A5440018523C /* Sources */,
				4DA4FBAF2954A5440018523C /* Frameworks */,
				4DA4FBB02954A5440018523C /* Resources */,
			);
			buildRules = (
			);
			dependencies = (
				4DA4FBB42954A5440018523C /* PBXTargetDependency */,
			);
			name = MovieAppUITests;
			packageProductDependencies = (
				4D81AA812959367000784B7B /* RxCocoa */,
				4D81AA832959367000784B7B /* RxSwift */,
				4D81AA892959376100784B7B /* Moya */,
				4D81AA8B2959376100784B7B /* RxMoya */,
				4D81AA8D2959376100784B7B /* RxFlow */,
				4D81AA8F2959376100784B7B /* Reusable */,
				4D81AA912959376100784B7B /* Kingfisher */,
			);
			productName = MovieAppUITests;
			productReference = 4DA4FBB22954A5440018523C /* MovieAppUITests.xctest */;
			productType = "com.apple.product-type.bundle.ui-testing";
		};
/* End PBXNativeTarget section */

/* Begin PBXProject section */
		4DA4FB872954A5420018523C /* Project object */ = {
			isa = PBXProject;
			attributes = {
				BuildIndependentTargetsInParallel = 1;
				LastSwiftUpdateCheck = 1420;
				LastUpgradeCheck = 1420;
				TargetAttributes = {
					4DA4FB8E2954A5420018523C = {
						CreatedOnToolsVersion = 14.2;
					};
					4DA4FBA72954A5440018523C = {
						CreatedOnToolsVersion = 14.2;
						TestTargetID = 4DA4FB8E2954A5420018523C;
					};
					4DA4FBB12954A5440018523C = {
						CreatedOnToolsVersion = 14.2;
						TestTargetID = 4DA4FB8E2954A5420018523C;
					};
				};
			};
			buildConfigurationList = 4DA4FB8A2954A5420018523C /* Build configuration list for PBXProject "MovieApp" */;
			compatibilityVersion = "Xcode 14.0";
			developmentRegion = en;
			hasScannedForEncodings = 0;
			knownRegions = (
				en,
				Base,
			);
			mainGroup = 4DA4FB862954A5420018523C;
			packageReferences = (
				4DA4FBD92955FC660018523C /* XCRemoteSwiftPackageReference "Moya" */,
				4DA4FBDE2955FCA60018523C /* XCRemoteSwiftPackageReference "RxFlow" */,
				4DA4FBE12955FD350018523C /* XCRemoteSwiftPackageReference "Reusable" */,
				4DA4FC812957DFAC0018523C /* XCRemoteSwiftPackageReference "Kingfisher" */,
				4D81AA782959352400784B7B /* XCRemoteSwiftPackageReference "RxSwift" */,
			);
			productRefGroup = 4DA4FB902954A5420018523C /* Products */;
			projectDirPath = "";
			projectRoot = "";
			targets = (
				4DA4FB8E2954A5420018523C /* MovieApp */,
				4DA4FBA72954A5440018523C /* MovieAppTests */,
				4DA4FBB12954A5440018523C /* MovieAppUITests */,
			);
		};
/* End PBXProject section */

/* Begin PBXResourcesBuildPhase section */
		4DA4FB8D2954A5420018523C /* Resources */ = {
			isa = PBXResourcesBuildPhase;
			buildActionMask = 2147483647;
			files = (
				4D81AA042958AC0600784B7B /* ActorCellCollectionViewCell.xib in Resources */,
				4DA4FBA22954A5430018523C /* LaunchScreen.storyboard in Resources */,
				4DA4FBEF2956057A0018523C /* SplashScreen.storyboard in Resources */,
				4DA4FBD32955FA8C0018523C /* Images.xcassets in Resources */,
				4DA4FBD12955FA7B0018523C /* Colors.xcassets in Resources */,
				4DA4FC1E295746030018523C /* MovieItemCell.xib in Resources */,
				4DA4FB9F2954A5430018523C /* Assets.xcassets in Resources */,
				4DA4FB9A2954A5420018523C /* Main.storyboard in Resources */,
			);
			runOnlyForDeploymentPostprocessing = 0;
		};
		4DA4FBA62954A5440018523C /* Resources */ = {
			isa = PBXResourcesBuildPhase;
			buildActionMask = 2147483647;
			files = (
				4DA4FBF02956057A0018523C /* SplashScreen.storyboard in Resources */,
				4DA4FC1F295746030018523C /* MovieItemCell.xib in Resources */,
				4D81AABA29593D0800784B7B /* movie.json in Resources */,
				4D81AABE2959407700784B7B /* movie_list.json in Resources */,
				4D81AA052958AC0600784B7B /* ActorCellCollectionViewCell.xib in Resources */,
			);
			runOnlyForDeploymentPostprocessing = 0;
		};
		4DA4FBB02954A5440018523C /* Resources */ = {
			isa = PBXResourcesBuildPhase;
			buildActionMask = 2147483647;
			files = (
				4D81AA062958AC0600784B7B /* ActorCellCollectionViewCell.xib in Resources */,
				4DA4FC20295746030018523C /* MovieItemCell.xib in Resources */,
			);
			runOnlyForDeploymentPostprocessing = 0;
		};
/* End PBXResourcesBuildPhase section */

/* Begin PBXSourcesBuildPhase section */
		4DA4FB8B2954A5420018523C /* Sources */ = {
			isa = PBXSourcesBuildPhase;
			buildActionMask = 2147483647;
			files = (
				4DA4FC2A295754960018523C /* MovieList.swift in Sources */,
				4D81AA102958FCEF00784B7B /* MovieInfo.swift in Sources */,
				4DA4FBFC29561DFC0018523C /* ViewModel.swift in Sources */,
				4DA4FC0C295629670018523C /* HomeFlow.swift in Sources */,
				4DA4FBE62955FDF40018523C /* AppFlow.swift in Sources */,
				4DA4FC6229579C220018523C /* Networking.swift in Sources */,
				4DA4FC6A2957A5650018523C /* NetworkError.swift in Sources */,
				4DA4FB932954A5420018523C /* AppDelegate.swift in Sources */,
				4DA4FC892957E3DB0018523C /* Double+Round.swift in Sources */,
				4DA4FC2E295756130018523C /* UIView+Gradient.swift in Sources */,
				4DA4FC0129561E390018523C /* ViewModelBased.swift in Sources */,
				4DA4FC7E2957D95E0018523C /* MovieFetchable.swift in Sources */,
				4DA4FC562957835D0018523C /* Constants.swift in Sources */,
				4DA4FC762957B0B10018523C /* HTTPMovieService.swift in Sources */,
				4DA4FBF629561D8A0018523C /* SplashViewModel.swift in Sources */,
				4DA4FB9D2954A5420018523C /* MovieApp.xcdatamodeld in Sources */,
				4DA4FBD62955FAB50018523C /* Assets.swift in Sources */,
				4DA4FC6629579D410018523C /* NetworkingManager.swift in Sources */,
				4DA4FC8E2957E4AF0018523C /* MovieDetailsViewController.swift in Sources */,
				4DA4FC3329575B500018523C /* GradientColorProvider.swift in Sources */,
				4DA4FC4529577B5A0018523C /* ApiPath.swift in Sources */,
				4D81A9FB295895E700784B7B /* RoundedImageView.swift in Sources */,
				4DA4FC37295778360018523C /* MovieListViewController+UITableView.swift in Sources */,
				4DA4FC962957E9B70018523C /* MovieDetails.swift in Sources */,
				4DA4FBE92955FE490018523C /* AppStep.swift in Sources */,
				4DA4FB952954A5420018523C /* SceneDelegate.swift in Sources */,
				4D81AA012958AC0600784B7B /* ActorCellCollectionViewCell.swift in Sources */,
				4DA4FC7A2957D1580018523C /* CachedMovieService.swift in Sources */,
				4DA4FC05295626300018523C /* SplashFlow.swift in Sources */,
				4DA4FC6E2957AA690018523C /* MovieAPI+Testing.swift in Sources */,
				4DA4FC722957AF510018523C /* MovieSearchable.swift in Sources */,
				4DA4FC4129577B1F0018523C /* MovieAPI.swift in Sources */,
				4D81AA142959006E00784B7B /* Constants+Rating.swift in Sources */,
				4DA4FC1129562BF80018523C /* MovieListViewController.swift in Sources */,
				4DA4FC852957E0D30018523C /* String+URL.swift in Sources */,
				4DA4FC5E295784500018523C /* Constants+ContentType.swift in Sources */,
				4DA4FC4929577BA90018523C /* MovieAPI+TargetType.swift in Sources */,
				4D81AA082958F01E00784B7B /* StringFormatHelper.swift in Sources */,
				4DA4FC922957E4B80018523C /* MovieDetialsViewModel.swift in Sources */,
				4DA4FBF229561D7F0018523C /* SplashViewController.swift in Sources */,
				4DA4FC222957463B0018523C /* MovieItemCell.swift in Sources */,
				4DA4FC09295628670018523C /* Constants+StoryboardName.swift in Sources */,
				4DA4FC51295781760018523C /* AppConfigurationProvider.swift in Sources */,
				4DA4FC1429562C080018523C /* MovieListViewModel.swift in Sources */,
				4DA4FC26295753C40018523C /* Movie.swift in Sources */,
				4DA4FC5A2957840B0018523C /* Constants+HTTPHeaderFields.swift in Sources */,
			);
			runOnlyForDeploymentPostprocessing = 0;
		};
		4DA4FBA42954A5440018523C /* Sources */ = {
			isa = PBXSourcesBuildPhase;
			buildActionMask = 2147483647;
			files = (
				4DA4FC932957E4B80018523C /* MovieDetialsViewModel.swift in Sources */,
				4DA4FC38295778360018523C /* MovieListViewController+UITableView.swift in Sources */,
				4D81AA152959006E00784B7B /* Constants+Rating.swift in Sources */,
				4DA4FC6B2957A5650018523C /* NetworkError.swift in Sources */,
				4DA4FC7B2957D1580018523C /* CachedMovieService.swift in Sources */,
				4DA4FC772957B0B10018523C /* HTTPMovieService.swift in Sources */,
				4DA4FBD72955FAB50018523C /* Assets.swift in Sources */,
				4DA4FC862957E0D30018523C /* String+URL.swift in Sources */,
				4DA4FC0A295628670018523C /* Constants+StoryboardName.swift in Sources */,
				4DA4FC5F295784500018523C /* Constants+ContentType.swift in Sources */,
				4DA4FBEA2955FE490018523C /* AppStep.swift in Sources */,
				4DA4FC1229562BF80018523C /* MovieListViewController.swift in Sources */,
				4DA4FC3429575B500018523C /* GradientColorProvider.swift in Sources */,
				4DA4FC4A29577BA90018523C /* MovieAPI+TargetType.swift in Sources */,
				4DA4FC732957AF510018523C /* MovieSearchable.swift in Sources */,
				4DA4FBE72955FDF40018523C /* AppFlow.swift in Sources */,
				4D81AABC29593E6500784B7B /* MovieListTests.swift in Sources */,
				4DA4FC232957463B0018523C /* MovieItemCell.swift in Sources */,
				4D81A9FC295895E700784B7B /* RoundedImageView.swift in Sources */,
				4DA4FC52295781760018523C /* AppConfigurationProvider.swift in Sources */,
				4DA4FC972957E9B70018523C /* MovieDetails.swift in Sources */,
				4DA4FC8F2957E4AF0018523C /* MovieDetailsViewController.swift in Sources */,
				4DA4FC2B295754960018523C /* MovieList.swift in Sources */,
				4DA4FC5B2957840B0018523C /* Constants+HTTPHeaderFields.swift in Sources */,
				4DA4FC4629577B5A0018523C /* ApiPath.swift in Sources */,
				4D81AA092958F01E00784B7B /* StringFormatHelper.swift in Sources */,
				4DA4FC8A2957E3DB0018523C /* Double+Round.swift in Sources */,
				4DA4FC1529562C080018523C /* MovieListViewModel.swift in Sources */,
				4DA4FBF729561D8A0018523C /* SplashViewModel.swift in Sources */,
				4DA4FBAD2954A5440018523C /* MovieAppTests.swift in Sources */,
				4DA4FC0D295629670018523C /* HomeFlow.swift in Sources */,
				4DA4FC2F295756130018523C /* UIView+Gradient.swift in Sources */,
				4DA4FC6F2957AA690018523C /* MovieAPI+Testing.swift in Sources */,
				4DA4FC6329579C220018523C /* Networking.swift in Sources */,
				4D81AA022958AC0600784B7B /* ActorCellCollectionViewCell.swift in Sources */,
				4DA4FC0229561E390018523C /* ViewModelBased.swift in Sources */,
				4D81AAB829593A8D00784B7B /* MovieTests.swift in Sources */,
				4DA4FBF329561D7F0018523C /* SplashViewController.swift in Sources */,
				4DA4FC06295626300018523C /* SplashFlow.swift in Sources */,
				4DA4FBFD29561DFC0018523C /* ViewModel.swift in Sources */,
				4DA4FC6729579D410018523C /* NetworkingManager.swift in Sources */,
				4DA4FC27295753C40018523C /* Movie.swift in Sources */,
				4DA4FC7F2957D95E0018523C /* MovieFetchable.swift in Sources */,
				4D81AA112958FCEF00784B7B /* MovieInfo.swift in Sources */,
				4DA4FC4229577B1F0018523C /* MovieAPI.swift in Sources */,
				4DA4FC572957835D0018523C /* Constants.swift in Sources */,
			);
			runOnlyForDeploymentPostprocessing = 0;
		};
		4DA4FBAE2954A5440018523C /* Sources */ = {
			isa = PBXSourcesBuildPhase;
			buildActionMask = 2147483647;
			files = (
				4DA4FC5C2957840B0018523C /* Constants+HTTPHeaderFields.swift in Sources */,
				4DA4FC8B2957E3DB0018523C /* Double+Round.swift in Sources */,
				4DA4FC30295756130018523C /* UIView+Gradient.swift in Sources */,
				4DA4FC6C2957A5650018523C /* NetworkError.swift in Sources */,
				4DA4FC4329577B1F0018523C /* MovieAPI.swift in Sources */,
				4DA4FC982957E9B70018523C /* MovieDetails.swift in Sources */,
				4DA4FC53295781760018523C /* AppConfigurationProvider.swift in Sources */,
				4DA4FC6829579D410018523C /* NetworkingManager.swift in Sources */,
				4DA4FC4B29577BA90018523C /* MovieAPI+TargetType.swift in Sources */,
				4DA4FC942957E4B80018523C /* MovieDetialsViewModel.swift in Sources */,
				4DA4FBF829561D8A0018523C /* SplashViewModel.swift in Sources */,
				4D81AA86295936A600784B7B /* MovieListViewController.swift in Sources */,
				4DA4FBB92954A5440018523C /* MovieAppUITestsLaunchTests.swift in Sources */,
				4D81AA162959006E00784B7B /* Constants+Rating.swift in Sources */,
				4DA4FC60295784500018523C /* Constants+ContentType.swift in Sources */,
				4DA4FC28295753C40018523C /* Movie.swift in Sources */,
				4D81AA122958FCEF00784B7B /* MovieInfo.swift in Sources */,
				4D81AA88295936CF00784B7B /* Constants+StoryboardName.swift in Sources */,
				4DA4FBB72954A5440018523C /* MovieAppUITests.swift in Sources */,
				4DA4FC6429579C220018523C /* Networking.swift in Sources */,
				4DA4FC39295778360018523C /* MovieListViewController+UITableView.swift in Sources */,
				4D81AA852959368C00784B7B /* AppStep.swift in Sources */,
				4DA4FBD82955FAB50018523C /* Assets.swift in Sources */,
				4DA4FBFE29561DFC0018523C /* ViewModel.swift in Sources */,
				4DA4FC4729577B5A0018523C /* ApiPath.swift in Sources */,
				4DA4FC242957463B0018523C /* MovieItemCell.swift in Sources */,
				4DA4FBF429561D7F0018523C /* SplashViewController.swift in Sources */,
				4D81AA87295936C200784B7B /* MovieListViewModel.swift in Sources */,
				4DA4FC2C295754960018523C /* MovieList.swift in Sources */,
				4D81AA0A2958F01E00784B7B /* StringFormatHelper.swift in Sources */,
				4DA4FC782957B0B10018523C /* HTTPMovieService.swift in Sources */,
				4DA4FC802957D95E0018523C /* MovieFetchable.swift in Sources */,
				4DA4FC702957AA690018523C /* MovieAPI+Testing.swift in Sources */,
				4D81A9FD295895E700784B7B /* RoundedImageView.swift in Sources */,
				4DA4FC3529575B500018523C /* GradientColorProvider.swift in Sources */,
				4DA4FC0329561E390018523C /* ViewModelBased.swift in Sources */,
				4DA4FC582957835D0018523C /* Constants.swift in Sources */,
				4DA4FC872957E0D30018523C /* String+URL.swift in Sources */,
				4DA4FC742957AF510018523C /* MovieSearchable.swift in Sources */,
				4D81AA032958AC0600784B7B /* ActorCellCollectionViewCell.swift in Sources */,
				4DA4FC902957E4AF0018523C /* MovieDetailsViewController.swift in Sources */,
				4DA4FC7C2957D1580018523C /* CachedMovieService.swift in Sources */,
			);
			runOnlyForDeploymentPostprocessing = 0;
		};
/* End PBXSourcesBuildPhase section */

/* Begin PBXTargetDependency section */
		4DA4FBAA2954A5440018523C /* PBXTargetDependency */ = {
			isa = PBXTargetDependency;
			target = 4DA4FB8E2954A5420018523C /* MovieApp */;
			targetProxy = 4DA4FBA92954A5440018523C /* PBXContainerItemProxy */;
		};
		4DA4FBB42954A5440018523C /* PBXTargetDependency */ = {
			isa = PBXTargetDependency;
			target = 4DA4FB8E2954A5420018523C /* MovieApp */;
			targetProxy = 4DA4FBB32954A5440018523C /* PBXContainerItemProxy */;
		};
/* End PBXTargetDependency section */

/* Begin PBXVariantGroup section */
		4DA4FB982954A5420018523C /* Main.storyboard */ = {
			isa = PBXVariantGroup;
			children = (
				4DA4FB992954A5420018523C /* Base */,
			);
			name = Main.storyboard;
			sourceTree = "<group>";
		};
		4DA4FBA02954A5430018523C /* LaunchScreen.storyboard */ = {
			isa = PBXVariantGroup;
			children = (
				4DA4FBA12954A5430018523C /* Base */,
			);
			name = LaunchScreen.storyboard;
			sourceTree = "<group>";
		};
/* End PBXVariantGroup section */

/* Begin XCBuildConfiguration section */
		4DA4FBBA2954A5440018523C /* Debug */ = {
			isa = XCBuildConfiguration;
			buildSettings = {
				ALWAYS_SEARCH_USER_PATHS = NO;
				CLANG_ANALYZER_NONNULL = YES;
				CLANG_ANALYZER_NUMBER_OBJECT_CONVERSION = YES_AGGRESSIVE;
				CLANG_CXX_LANGUAGE_STANDARD = "gnu++20";
				CLANG_ENABLE_MODULES = YES;
				CLANG_ENABLE_OBJC_ARC = YES;
				CLANG_ENABLE_OBJC_WEAK = YES;
				CLANG_WARN_BLOCK_CAPTURE_AUTORELEASING = YES;
				CLANG_WARN_BOOL_CONVERSION = YES;
				CLANG_WARN_COMMA = YES;
				CLANG_WARN_CONSTANT_CONVERSION = YES;
				CLANG_WARN_DEPRECATED_OBJC_IMPLEMENTATIONS = YES;
				CLANG_WARN_DIRECT_OBJC_ISA_USAGE = YES_ERROR;
				CLANG_WARN_DOCUMENTATION_COMMENTS = YES;
				CLANG_WARN_EMPTY_BODY = YES;
				CLANG_WARN_ENUM_CONVERSION = YES;
				CLANG_WARN_INFINITE_RECURSION = YES;
				CLANG_WARN_INT_CONVERSION = YES;
				CLANG_WARN_NON_LITERAL_NULL_CONVERSION = YES;
				CLANG_WARN_OBJC_IMPLICIT_RETAIN_SELF = YES;
				CLANG_WARN_OBJC_LITERAL_CONVERSION = YES;
				CLANG_WARN_OBJC_ROOT_CLASS = YES_ERROR;
				CLANG_WARN_QUOTED_INCLUDE_IN_FRAMEWORK_HEADER = YES;
				CLANG_WARN_RANGE_LOOP_ANALYSIS = YES;
				CLANG_WARN_STRICT_PROTOTYPES = YES;
				CLANG_WARN_SUSPICIOUS_MOVE = YES;
				CLANG_WARN_UNGUARDED_AVAILABILITY = YES_AGGRESSIVE;
				CLANG_WARN_UNREACHABLE_CODE = YES;
				CLANG_WARN__DUPLICATE_METHOD_MATCH = YES;
				COPY_PHASE_STRIP = NO;
				DEBUG_INFORMATION_FORMAT = dwarf;
				ENABLE_STRICT_OBJC_MSGSEND = YES;
				ENABLE_TESTABILITY = YES;
				GCC_C_LANGUAGE_STANDARD = gnu11;
				GCC_DYNAMIC_NO_PIC = NO;
				GCC_NO_COMMON_BLOCKS = YES;
				GCC_OPTIMIZATION_LEVEL = 0;
				GCC_PREPROCESSOR_DEFINITIONS = (
					"DEBUG=1",
					"$(inherited)",
				);
				GCC_WARN_64_TO_32_BIT_CONVERSION = YES;
				GCC_WARN_ABOUT_RETURN_TYPE = YES_ERROR;
				GCC_WARN_UNDECLARED_SELECTOR = YES;
				GCC_WARN_UNINITIALIZED_AUTOS = YES_AGGRESSIVE;
				GCC_WARN_UNUSED_FUNCTION = YES;
				GCC_WARN_UNUSED_VARIABLE = YES;
				IPHONEOS_DEPLOYMENT_TARGET = 16.2;
				MTL_ENABLE_DEBUG_INFO = INCLUDE_SOURCE;
				MTL_FAST_MATH = YES;
				ONLY_ACTIVE_ARCH = YES;
				SDKROOT = iphoneos;
				SWIFT_ACTIVE_COMPILATION_CONDITIONS = DEBUG;
				SWIFT_OPTIMIZATION_LEVEL = "-Onone";
			};
			name = Debug;
		};
		4DA4FBBB2954A5440018523C /* Release */ = {
			isa = XCBuildConfiguration;
			buildSettings = {
				ALWAYS_SEARCH_USER_PATHS = NO;
				CLANG_ANALYZER_NONNULL = YES;
				CLANG_ANALYZER_NUMBER_OBJECT_CONVERSION = YES_AGGRESSIVE;
				CLANG_CXX_LANGUAGE_STANDARD = "gnu++20";
				CLANG_ENABLE_MODULES = YES;
				CLANG_ENABLE_OBJC_ARC = YES;
				CLANG_ENABLE_OBJC_WEAK = YES;
				CLANG_WARN_BLOCK_CAPTURE_AUTORELEASING = YES;
				CLANG_WARN_BOOL_CONVERSION = YES;
				CLANG_WARN_COMMA = YES;
				CLANG_WARN_CONSTANT_CONVERSION = YES;
				CLANG_WARN_DEPRECATED_OBJC_IMPLEMENTATIONS = YES;
				CLANG_WARN_DIRECT_OBJC_ISA_USAGE = YES_ERROR;
				CLANG_WARN_DOCUMENTATION_COMMENTS = YES;
				CLANG_WARN_EMPTY_BODY = YES;
				CLANG_WARN_ENUM_CONVERSION = YES;
				CLANG_WARN_INFINITE_RECURSION = YES;
				CLANG_WARN_INT_CONVERSION = YES;
				CLANG_WARN_NON_LITERAL_NULL_CONVERSION = YES;
				CLANG_WARN_OBJC_IMPLICIT_RETAIN_SELF = YES;
				CLANG_WARN_OBJC_LITERAL_CONVERSION = YES;
				CLANG_WARN_OBJC_ROOT_CLASS = YES_ERROR;
				CLANG_WARN_QUOTED_INCLUDE_IN_FRAMEWORK_HEADER = YES;
				CLANG_WARN_RANGE_LOOP_ANALYSIS = YES;
				CLANG_WARN_STRICT_PROTOTYPES = YES;
				CLANG_WARN_SUSPICIOUS_MOVE = YES;
				CLANG_WARN_UNGUARDED_AVAILABILITY = YES_AGGRESSIVE;
				CLANG_WARN_UNREACHABLE_CODE = YES;
				CLANG_WARN__DUPLICATE_METHOD_MATCH = YES;
				COPY_PHASE_STRIP = NO;
				DEBUG_INFORMATION_FORMAT = "dwarf-with-dsym";
				ENABLE_NS_ASSERTIONS = NO;
				ENABLE_STRICT_OBJC_MSGSEND = YES;
				GCC_C_LANGUAGE_STANDARD = gnu11;
				GCC_NO_COMMON_BLOCKS = YES;
				GCC_WARN_64_TO_32_BIT_CONVERSION = YES;
				GCC_WARN_ABOUT_RETURN_TYPE = YES_ERROR;
				GCC_WARN_UNDECLARED_SELECTOR = YES;
				GCC_WARN_UNINITIALIZED_AUTOS = YES_AGGRESSIVE;
				GCC_WARN_UNUSED_FUNCTION = YES;
				GCC_WARN_UNUSED_VARIABLE = YES;
				IPHONEOS_DEPLOYMENT_TARGET = 16.2;
				MTL_ENABLE_DEBUG_INFO = NO;
				MTL_FAST_MATH = YES;
				SDKROOT = iphoneos;
				SWIFT_COMPILATION_MODE = wholemodule;
				SWIFT_OPTIMIZATION_LEVEL = "-O";
				VALIDATE_PRODUCT = YES;
			};
			name = Release;
		};
		4DA4FBBD2954A5440018523C /* Debug */ = {
			isa = XCBuildConfiguration;
			buildSettings = {
				API_KEY = 35c04b2a;
				ASSETCATALOG_COMPILER_APPICON_NAME = AppIcon;
				ASSETCATALOG_COMPILER_GLOBAL_ACCENT_COLOR_NAME = AccentColor;
				CODE_SIGN_STYLE = Automatic;
				CURRENT_PROJECT_VERSION = 1;
				GENERATE_INFOPLIST_FILE = YES;
				INFOPLIST_FILE = MovieApp/SupportingFiles/Info.plist;
				INFOPLIST_KEY_UIApplicationSupportsIndirectInputEvents = YES;
				INFOPLIST_KEY_UILaunchStoryboardName = LaunchScreen;
				INFOPLIST_KEY_UIMainStoryboardFile = Main;
				INFOPLIST_KEY_UISupportedInterfaceOrientations_iPad = "UIInterfaceOrientationPortrait UIInterfaceOrientationPortraitUpsideDown UIInterfaceOrientationLandscapeLeft UIInterfaceOrientationLandscapeRight";
				INFOPLIST_KEY_UISupportedInterfaceOrientations_iPhone = "UIInterfaceOrientationPortrait UIInterfaceOrientationLandscapeLeft UIInterfaceOrientationLandscapeRight";
				IPHONEOS_DEPLOYMENT_TARGET = 14.0;
				LD_RUNPATH_SEARCH_PATHS = (
					"$(inherited)",
					"@executable_path/Frameworks",
				);
				MARKETING_VERSION = 1.0;
				NEW_SETTING = "";
				PRODUCT_BUNDLE_IDENTIFIER = com.sulayman.MovieApp;
				PRODUCT_NAME = "$(TARGET_NAME)";
				SUPPORTED_PLATFORMS = "iphoneos iphonesimulator";
				SUPPORTS_MACCATALYST = NO;
				SUPPORTS_MAC_DESIGNED_FOR_IPHONE_IPAD = NO;
				SWIFT_EMIT_LOC_STRINGS = YES;
				SWIFT_VERSION = 5.0;
				TARGETED_DEVICE_FAMILY = 1;
			};
			name = Debug;
		};
		4DA4FBBE2954A5440018523C /* Release */ = {
			isa = XCBuildConfiguration;
			buildSettings = {
				API_KEY = 35c04b2a;
				ASSETCATALOG_COMPILER_APPICON_NAME = AppIcon;
				ASSETCATALOG_COMPILER_GLOBAL_ACCENT_COLOR_NAME = AccentColor;
				CODE_SIGN_STYLE = Automatic;
				CURRENT_PROJECT_VERSION = 1;
				GENERATE_INFOPLIST_FILE = YES;
				INFOPLIST_FILE = MovieApp/SupportingFiles/Info.plist;
				INFOPLIST_KEY_UIApplicationSupportsIndirectInputEvents = YES;
				INFOPLIST_KEY_UILaunchStoryboardName = LaunchScreen;
				INFOPLIST_KEY_UIMainStoryboardFile = Main;
				INFOPLIST_KEY_UISupportedInterfaceOrientations_iPad = "UIInterfaceOrientationPortrait UIInterfaceOrientationPortraitUpsideDown UIInterfaceOrientationLandscapeLeft UIInterfaceOrientationLandscapeRight";
				INFOPLIST_KEY_UISupportedInterfaceOrientations_iPhone = "UIInterfaceOrientationPortrait UIInterfaceOrientationLandscapeLeft UIInterfaceOrientationLandscapeRight";
				IPHONEOS_DEPLOYMENT_TARGET = 14.0;
				LD_RUNPATH_SEARCH_PATHS = (
					"$(inherited)",
					"@executable_path/Frameworks",
				);
				MARKETING_VERSION = 1.0;
				NEW_SETTING = "";
				PRODUCT_BUNDLE_IDENTIFIER = com.sulayman.MovieApp;
				PRODUCT_NAME = "$(TARGET_NAME)";
				SUPPORTED_PLATFORMS = "iphoneos iphonesimulator";
				SUPPORTS_MACCATALYST = NO;
				SUPPORTS_MAC_DESIGNED_FOR_IPHONE_IPAD = NO;
				SWIFT_EMIT_LOC_STRINGS = YES;
				SWIFT_VERSION = 5.0;
				TARGETED_DEVICE_FAMILY = 1;
			};
			name = Release;
		};
		4DA4FBC02954A5440018523C /* Debug */ = {
			isa = XCBuildConfiguration;
			buildSettings = {
				ALWAYS_EMBED_SWIFT_STANDARD_LIBRARIES = YES;
				BUNDLE_LOADER = "$(TEST_HOST)";
				CODE_SIGN_STYLE = Automatic;
				CURRENT_PROJECT_VERSION = 1;
				GENERATE_INFOPLIST_FILE = YES;
				IPHONEOS_DEPLOYMENT_TARGET = 16.2;
				MARKETING_VERSION = 1.0;
				PRODUCT_BUNDLE_IDENTIFIER = com.sulayman.MovieAppTests;
				PRODUCT_NAME = "$(TARGET_NAME)";
				SWIFT_EMIT_LOC_STRINGS = NO;
				SWIFT_VERSION = 5.0;
				TARGETED_DEVICE_FAMILY = "1,2";
				TEST_HOST = "$(BUILT_PRODUCTS_DIR)/MovieApp.app/$(BUNDLE_EXECUTABLE_FOLDER_PATH)/MovieApp";
			};
			name = Debug;
		};
		4DA4FBC12954A5440018523C /* Release */ = {
			isa = XCBuildConfiguration;
			buildSettings = {
				ALWAYS_EMBED_SWIFT_STANDARD_LIBRARIES = YES;
				BUNDLE_LOADER = "$(TEST_HOST)";
				CODE_SIGN_STYLE = Automatic;
				CURRENT_PROJECT_VERSION = 1;
				GENERATE_INFOPLIST_FILE = YES;
				IPHONEOS_DEPLOYMENT_TARGET = 16.2;
				MARKETING_VERSION = 1.0;
				PRODUCT_BUNDLE_IDENTIFIER = com.sulayman.MovieAppTests;
				PRODUCT_NAME = "$(TARGET_NAME)";
				SWIFT_EMIT_LOC_STRINGS = NO;
				SWIFT_VERSION = 5.0;
				TARGETED_DEVICE_FAMILY = "1,2";
				TEST_HOST = "$(BUILT_PRODUCTS_DIR)/MovieApp.app/$(BUNDLE_EXECUTABLE_FOLDER_PATH)/MovieApp";
			};
			name = Release;
		};
		4DA4FBC32954A5440018523C /* Debug */ = {
			isa = XCBuildConfiguration;
			buildSettings = {
				ALWAYS_EMBED_SWIFT_STANDARD_LIBRARIES = YES;
				CODE_SIGN_STYLE = Automatic;
				CURRENT_PROJECT_VERSION = 1;
				GENERATE_INFOPLIST_FILE = YES;
				MARKETING_VERSION = 1.0;
				PRODUCT_BUNDLE_IDENTIFIER = com.sulayman.MovieAppUITests;
				PRODUCT_NAME = "$(TARGET_NAME)";
				SWIFT_EMIT_LOC_STRINGS = NO;
				SWIFT_VERSION = 5.0;
				TARGETED_DEVICE_FAMILY = "1,2";
				TEST_TARGET_NAME = MovieApp;
			};
			name = Debug;
		};
		4DA4FBC42954A5440018523C /* Release */ = {
			isa = XCBuildConfiguration;
			buildSettings = {
				ALWAYS_EMBED_SWIFT_STANDARD_LIBRARIES = YES;
				CODE_SIGN_STYLE = Automatic;
				CURRENT_PROJECT_VERSION = 1;
				GENERATE_INFOPLIST_FILE = YES;
				MARKETING_VERSION = 1.0;
				PRODUCT_BUNDLE_IDENTIFIER = com.sulayman.MovieAppUITests;
				PRODUCT_NAME = "$(TARGET_NAME)";
				SWIFT_EMIT_LOC_STRINGS = NO;
				SWIFT_VERSION = 5.0;
				TARGETED_DEVICE_FAMILY = "1,2";
				TEST_TARGET_NAME = MovieApp;
			};
			name = Release;
		};
/* End XCBuildConfiguration section */

/* Begin XCConfigurationList section */
		4DA4FB8A2954A5420018523C /* Build configuration list for PBXProject "MovieApp" */ = {
			isa = XCConfigurationList;
			buildConfigurations = (
				4DA4FBBA2954A5440018523C /* Debug */,
				4DA4FBBB2954A5440018523C /* Release */,
			);
			defaultConfigurationIsVisible = 0;
			defaultConfigurationName = Release;
		};
		4DA4FBBC2954A5440018523C /* Build configuration list for PBXNativeTarget "MovieApp" */ = {
			isa = XCConfigurationList;
			buildConfigurations = (
				4DA4FBBD2954A5440018523C /* Debug */,
				4DA4FBBE2954A5440018523C /* Release */,
			);
			defaultConfigurationIsVisible = 0;
			defaultConfigurationName = Release;
		};
		4DA4FBBF2954A5440018523C /* Build configuration list for PBXNativeTarget "MovieAppTests" */ = {
			isa = XCConfigurationList;
			buildConfigurations = (
				4DA4FBC02954A5440018523C /* Debug */,
				4DA4FBC12954A5440018523C /* Release */,
			);
			defaultConfigurationIsVisible = 0;
			defaultConfigurationName = Release;
		};
		4DA4FBC22954A5440018523C /* Build configuration list for PBXNativeTarget "MovieAppUITests" */ = {
			isa = XCConfigurationList;
			buildConfigurations = (
				4DA4FBC32954A5440018523C /* Debug */,
				4DA4FBC42954A5440018523C /* Release */,
			);
			defaultConfigurationIsVisible = 0;
			defaultConfigurationName = Release;
		};
/* End XCConfigurationList section */

/* Begin XCRemoteSwiftPackageReference section */
		4D81AA782959352400784B7B /* XCRemoteSwiftPackageReference "RxSwift" */ = {
			isa = XCRemoteSwiftPackageReference;
			repositoryURL = "git@github.com:ReactiveX/RxSwift.git";
			requirement = {
				kind = upToNextMajorVersion;
				minimumVersion = 6.0.0;
			};
		};
		4DA4FBD92955FC660018523C /* XCRemoteSwiftPackageReference "Moya" */ = {
			isa = XCRemoteSwiftPackageReference;
			repositoryURL = "git@github.com:Moya/Moya.git";
			requirement = {
				branch = master;
				kind = branch;
			};
		};
		4DA4FBDE2955FCA60018523C /* XCRemoteSwiftPackageReference "RxFlow" */ = {
			isa = XCRemoteSwiftPackageReference;
			repositoryURL = "git@github.com:RxSwiftCommunity/RxFlow.git";
			requirement = {
				kind = upToNextMajorVersion;
				minimumVersion = 2.0.0;
			};
		};
		4DA4FBE12955FD350018523C /* XCRemoteSwiftPackageReference "Reusable" */ = {
			isa = XCRemoteSwiftPackageReference;
			repositoryURL = "git@github.com:AliSoftware/Reusable.git";
			requirement = {
				kind = upToNextMajorVersion;
				minimumVersion = 4.0.0;
			};
		};
		4DA4FC812957DFAC0018523C /* XCRemoteSwiftPackageReference "Kingfisher" */ = {
			isa = XCRemoteSwiftPackageReference;
			repositoryURL = "git@github.com:onevcat/Kingfisher.git";
			requirement = {
				kind = upToNextMajorVersion;
				minimumVersion = 7.0.0;
			};
		};
/* End XCRemoteSwiftPackageReference section */

/* Begin XCSwiftPackageProductDependency section */
		4D81AA792959352400784B7B /* RxCocoa */ = {
			isa = XCSwiftPackageProductDependency;
			package = 4D81AA782959352400784B7B /* XCRemoteSwiftPackageReference "RxSwift" */;
			productName = RxCocoa;
		};
		4D81AA7B2959352400784B7B /* RxSwift */ = {
			isa = XCSwiftPackageProductDependency;
			package = 4D81AA782959352400784B7B /* XCRemoteSwiftPackageReference "RxSwift" */;
			productName = RxSwift;
		};
		4D81AA7D2959353900784B7B /* RxCocoa */ = {
			isa = XCSwiftPackageProductDependency;
			package = 4D81AA782959352400784B7B /* XCRemoteSwiftPackageReference "RxSwift" */;
			productName = RxCocoa;
		};
		4D81AA7F2959353900784B7B /* RxSwift */ = {
			isa = XCSwiftPackageProductDependency;
			package = 4D81AA782959352400784B7B /* XCRemoteSwiftPackageReference "RxSwift" */;
			productName = RxSwift;
		};
		4D81AA812959367000784B7B /* RxCocoa */ = {
			isa = XCSwiftPackageProductDependency;
			package = 4D81AA782959352400784B7B /* XCRemoteSwiftPackageReference "RxSwift" */;
			productName = RxCocoa;
		};
		4D81AA832959367000784B7B /* RxSwift */ = {
			isa = XCSwiftPackageProductDependency;
			package = 4D81AA782959352400784B7B /* XCRemoteSwiftPackageReference "RxSwift" */;
			productName = RxSwift;
		};
		4D81AA892959376100784B7B /* Moya */ = {
			isa = XCSwiftPackageProductDependency;
			package = 4DA4FBD92955FC660018523C /* XCRemoteSwiftPackageReference "Moya" */;
			productName = Moya;
		};
		4D81AA8B2959376100784B7B /* RxMoya */ = {
			isa = XCSwiftPackageProductDependency;
			package = 4DA4FBD92955FC660018523C /* XCRemoteSwiftPackageReference "Moya" */;
			productName = RxMoya;
		};
		4D81AA8D2959376100784B7B /* RxFlow */ = {
			isa = XCSwiftPackageProductDependency;
			package = 4DA4FBDE2955FCA60018523C /* XCRemoteSwiftPackageReference "RxFlow" */;
			productName = RxFlow;
		};
		4D81AA8F2959376100784B7B /* Reusable */ = {
			isa = XCSwiftPackageProductDependency;
			package = 4DA4FBE12955FD350018523C /* XCRemoteSwiftPackageReference "Reusable" */;
			productName = Reusable;
		};
		4D81AA912959376100784B7B /* Kingfisher */ = {
			isa = XCSwiftPackageProductDependency;
			package = 4DA4FC812957DFAC0018523C /* XCRemoteSwiftPackageReference "Kingfisher" */;
			productName = Kingfisher;
		};
		4D81AA932959376A00784B7B /* Moya */ = {
			isa = XCSwiftPackageProductDependency;
			package = 4DA4FBD92955FC660018523C /* XCRemoteSwiftPackageReference "Moya" */;
			productName = Moya;
		};
		4D81AA952959376A00784B7B /* RxMoya */ = {
			isa = XCSwiftPackageProductDependency;
			package = 4DA4FBD92955FC660018523C /* XCRemoteSwiftPackageReference "Moya" */;
			productName = RxMoya;
		};
		4D81AA972959376A00784B7B /* RxFlow */ = {
			isa = XCSwiftPackageProductDependency;
			package = 4DA4FBDE2955FCA60018523C /* XCRemoteSwiftPackageReference "RxFlow" */;
			productName = RxFlow;
		};
		4D81AA992959376A00784B7B /* Reusable */ = {
			isa = XCSwiftPackageProductDependency;
			package = 4DA4FBE12955FD350018523C /* XCRemoteSwiftPackageReference "Reusable" */;
			productName = Reusable;
		};
		4D81AA9B2959376A00784B7B /* Kingfisher */ = {
			isa = XCSwiftPackageProductDependency;
			package = 4DA4FC812957DFAC0018523C /* XCRemoteSwiftPackageReference "Kingfisher" */;
			productName = Kingfisher;
		};
		4DA4FBDA2955FC660018523C /* Moya */ = {
			isa = XCSwiftPackageProductDependency;
			package = 4DA4FBD92955FC660018523C /* XCRemoteSwiftPackageReference "Moya" */;
			productName = Moya;
		};
		4DA4FBDC2955FC660018523C /* RxMoya */ = {
			isa = XCSwiftPackageProductDependency;
			package = 4DA4FBD92955FC660018523C /* XCRemoteSwiftPackageReference "Moya" */;
			productName = RxMoya;
		};
		4DA4FBDF2955FCA60018523C /* RxFlow */ = {
			isa = XCSwiftPackageProductDependency;
			package = 4DA4FBDE2955FCA60018523C /* XCRemoteSwiftPackageReference "RxFlow" */;
			productName = RxFlow;
		};
		4DA4FBE22955FD350018523C /* Reusable */ = {
			isa = XCSwiftPackageProductDependency;
			package = 4DA4FBE12955FD350018523C /* XCRemoteSwiftPackageReference "Reusable" */;
			productName = Reusable;
		};
		4DA4FC822957DFAC0018523C /* Kingfisher */ = {
			isa = XCSwiftPackageProductDependency;
			package = 4DA4FC812957DFAC0018523C /* XCRemoteSwiftPackageReference "Kingfisher" */;
			productName = Kingfisher;
		};
/* End XCSwiftPackageProductDependency section */

/* Begin XCVersionGroup section */
		4DA4FB9B2954A5420018523C /* MovieApp.xcdatamodeld */ = {
			isa = XCVersionGroup;
			children = (
				4DA4FB9C2954A5420018523C /* MovieApp.xcdatamodel */,
			);
			currentVersion = 4DA4FB9C2954A5420018523C /* MovieApp.xcdatamodel */;
			path = MovieApp.xcdatamodeld;
			sourceTree = "<group>";
			versionGroupType = wrapper.xcdatamodel;
		};
/* End XCVersionGroup section */
	};
	rootObject = 4DA4FB872954A5420018523C /* Project object */;
}
